
Microsoft Visual Studio Solution File, Format Version 12.00
# Visual Studio 15
VisualStudioVersion = 15.0.26430.6
MinimumVisualStudioVersion = 10.0.40219.1
Project("{2150E333-8FDC-42A3-9474-1A3956D46DE8}") = ".solution items", ".solution items", "{0DA3DCAD-BED8-4032-A426-C0703DC653CF}"
	ProjectSection(SolutionItems) = preProject
		default.runsettings = default.runsettings
	EndProjectSection
EndProject
Project("{2150E333-8FDC-42A3-9474-1A3956D46DE8}") = ".sources", ".sources", "{7077A8A4-338F-4AE7-891D-BA9E9BFDA587}"
EndProject
Project("{2150E333-8FDC-42A3-9474-1A3956D46DE8}") = "Collections", "Collections", "{1622E678-C1B4-46A0-AF64-4121837161D7}"
EndProject
Project("{FAE04EC0-301F-11D3-BF4B-00C04F79EFBC}") = "Collections.Core", "Sources\Collections\Collections.Core\Collections.Core.csproj", "{3A8BF0FD-01DE-414A-8CBA-CA38369D635A}"
EndProject
Project("{FAE04EC0-301F-11D3-BF4B-00C04F79EFBC}") = "Collections.CollectionEx", "Sources\Collections\Collections.CollectionEx\Collections.CollectionEx.csproj", "{DE493E5D-E887-417D-98AF-CDB8DF72E4FA}"
EndProject
Project("{FAE04EC0-301F-11D3-BF4B-00C04F79EFBC}") = "Collections.MultiMap", "Sources\Collections\Collections.MultiMap\Collections.MultiMap.csproj", "{694C689C-375A-4E4D-BB5E-B08D42EFC96A}"
EndProject
Project("{FAE04EC0-301F-11D3-BF4B-00C04F79EFBC}") = "Collections.ObservableCollectionEx", "Sources\Collections\Collections.ObservableCollectionEx\Collections.ObservableCollectionEx.csproj", "{94BD8189-CEFF-4D5D-98EA-796E5F655035}"
EndProject
Project("{D954291E-2A0B-460D-934E-DC6B0785DB48}") = "Internal", "Sources\Internal\Internal.shproj", "{6243BF46-3B7C-4137-ACE9-79541A6AD8E9}"
EndProject
Project("{FAE04EC0-301F-11D3-BF4B-00C04F79EFBC}") = "Collections.CollectionEx.NuGet", "Sources\Collections\Collections.CollectionEx.NuGet\Collections.CollectionEx.NuGet.csproj", "{130ECBE4-1B93-4A75-8AFD-E87F9EC73DE6}"
EndProject
Project("{FAE04EC0-301F-11D3-BF4B-00C04F79EFBC}") = "Collections.Core.NuGet", "Sources\Collections\Collections.Core.NuGet\Collections.Core.NuGet.csproj", "{51E2617C-9B45-4BFC-AA74-7ACF6CD5AC6D}"
EndProject
Project("{FAE04EC0-301F-11D3-BF4B-00C04F79EFBC}") = "Collections.MultiMap.NuGet", "Sources\Collections\Collections.MultiMap.NuGet\Collections.MultiMap.NuGet.csproj", "{FAD826DB-98D7-4307-911D-8E256E9F55C2}"
EndProject
Project("{FAE04EC0-301F-11D3-BF4B-00C04F79EFBC}") = "Collections.ObservableCollectionEx.NuGet", "Sources\Collections\Collections.ObservableCollectionEx.NuGet\Collections.ObservableCollectionEx.NuGet.csproj", "{A918DC97-8098-49DC-ACBF-6FAF5309B90B}"
EndProject
Project("{FAE04EC0-301F-11D3-BF4B-00C04F79EFBC}") = "Collections.ObservableCollectionEx.UniTests", "Sources\Collections\Collections.ObservableCollectionEx.UniTests\Collections.ObservableCollectionEx.UniTests.csproj", "{DA9E7326-8610-4CB7-A7EF-C84CCE0A4143}"
EndProject
Global
	GlobalSection(SharedMSBuildProjectFiles) = preSolution
		Sources\Internal\Internal.projitems*{3a8bf0fd-01de-414a-8cba-ca38369d635a}*SharedItemsImports = 4
		Sources\Internal\Internal.projitems*{6243bf46-3b7c-4137-ace9-79541a6ad8e9}*SharedItemsImports = 13
		Sources\Internal\Internal.projitems*{694c689c-375a-4e4d-bb5e-b08d42efc96a}*SharedItemsImports = 4
		Sources\Internal\Internal.projitems*{94bd8189-ceff-4d5d-98ea-796e5f655035}*SharedItemsImports = 4
		Sources\Internal\Internal.projitems*{de493e5d-e887-417d-98af-cdb8df72e4fa}*SharedItemsImports = 4
	EndGlobalSection
	GlobalSection(SolutionConfigurationPlatforms) = preSolution
		Debug|Any CPU = Debug|Any CPU
		Publish - BETA|Any CPU = Publish - BETA|Any CPU
		Publish - LOCAL|Any CPU = Publish - LOCAL|Any CPU
		Publish - RC|Any CPU = Publish - RC|Any CPU
		Publish - STABLE|Any CPU = Publish - STABLE|Any CPU
		Release|Any CPU = Release|Any CPU
	EndGlobalSection
	GlobalSection(ProjectConfigurationPlatforms) = postSolution
		{3A8BF0FD-01DE-414A-8CBA-CA38369D635A}.Debug|Any CPU.ActiveCfg = Debug|Any CPU
		{3A8BF0FD-01DE-414A-8CBA-CA38369D635A}.Debug|Any CPU.Build.0 = Debug|Any CPU
		{3A8BF0FD-01DE-414A-8CBA-CA38369D635A}.Publish - BETA|Any CPU.ActiveCfg = Release|Any CPU
		{3A8BF0FD-01DE-414A-8CBA-CA38369D635A}.Publish - BETA|Any CPU.Build.0 = Release|Any CPU
		{3A8BF0FD-01DE-414A-8CBA-CA38369D635A}.Publish - LOCAL|Any CPU.ActiveCfg = Debug|Any CPU
		{3A8BF0FD-01DE-414A-8CBA-CA38369D635A}.Publish - LOCAL|Any CPU.Build.0 = Debug|Any CPU
		{3A8BF0FD-01DE-414A-8CBA-CA38369D635A}.Publish - RC|Any CPU.ActiveCfg = Release|Any CPU
		{3A8BF0FD-01DE-414A-8CBA-CA38369D635A}.Publish - RC|Any CPU.Build.0 = Release|Any CPU
		{3A8BF0FD-01DE-414A-8CBA-CA38369D635A}.Publish - STABLE|Any CPU.ActiveCfg = Release|Any CPU
		{3A8BF0FD-01DE-414A-8CBA-CA38369D635A}.Publish - STABLE|Any CPU.Build.0 = Release|Any CPU
		{3A8BF0FD-01DE-414A-8CBA-CA38369D635A}.Release|Any CPU.ActiveCfg = Release|Any CPU
		{3A8BF0FD-01DE-414A-8CBA-CA38369D635A}.Release|Any CPU.Build.0 = Release|Any CPU
		{DE493E5D-E887-417D-98AF-CDB8DF72E4FA}.Debug|Any CPU.ActiveCfg = Debug|Any CPU
		{DE493E5D-E887-417D-98AF-CDB8DF72E4FA}.Debug|Any CPU.Build.0 = Debug|Any CPU
		{DE493E5D-E887-417D-98AF-CDB8DF72E4FA}.Publish - BETA|Any CPU.ActiveCfg = Release|Any CPU
		{DE493E5D-E887-417D-98AF-CDB8DF72E4FA}.Publish - BETA|Any CPU.Build.0 = Release|Any CPU
		{DE493E5D-E887-417D-98AF-CDB8DF72E4FA}.Publish - LOCAL|Any CPU.ActiveCfg = Debug|Any CPU
		{DE493E5D-E887-417D-98AF-CDB8DF72E4FA}.Publish - LOCAL|Any CPU.Build.0 = Debug|Any CPU
		{DE493E5D-E887-417D-98AF-CDB8DF72E4FA}.Publish - RC|Any CPU.ActiveCfg = Release|Any CPU
		{DE493E5D-E887-417D-98AF-CDB8DF72E4FA}.Publish - RC|Any CPU.Build.0 = Release|Any CPU
		{DE493E5D-E887-417D-98AF-CDB8DF72E4FA}.Publish - STABLE|Any CPU.ActiveCfg = Release|Any CPU
		{DE493E5D-E887-417D-98AF-CDB8DF72E4FA}.Publish - STABLE|Any CPU.Build.0 = Release|Any CPU
		{DE493E5D-E887-417D-98AF-CDB8DF72E4FA}.Release|Any CPU.ActiveCfg = Release|Any CPU
		{DE493E5D-E887-417D-98AF-CDB8DF72E4FA}.Release|Any CPU.Build.0 = Release|Any CPU
		{694C689C-375A-4E4D-BB5E-B08D42EFC96A}.Debug|Any CPU.ActiveCfg = Debug|Any CPU
		{694C689C-375A-4E4D-BB5E-B08D42EFC96A}.Debug|Any CPU.Build.0 = Debug|Any CPU
		{694C689C-375A-4E4D-BB5E-B08D42EFC96A}.Publish - BETA|Any CPU.ActiveCfg = Release|Any CPU
		{694C689C-375A-4E4D-BB5E-B08D42EFC96A}.Publish - BETA|Any CPU.Build.0 = Release|Any CPU
		{694C689C-375A-4E4D-BB5E-B08D42EFC96A}.Publish - LOCAL|Any CPU.ActiveCfg = Debug|Any CPU
		{694C689C-375A-4E4D-BB5E-B08D42EFC96A}.Publish - LOCAL|Any CPU.Build.0 = Debug|Any CPU
		{694C689C-375A-4E4D-BB5E-B08D42EFC96A}.Publish - RC|Any CPU.ActiveCfg = Release|Any CPU
		{694C689C-375A-4E4D-BB5E-B08D42EFC96A}.Publish - RC|Any CPU.Build.0 = Release|Any CPU
		{694C689C-375A-4E4D-BB5E-B08D42EFC96A}.Publish - STABLE|Any CPU.ActiveCfg = Release|Any CPU
		{694C689C-375A-4E4D-BB5E-B08D42EFC96A}.Publish - STABLE|Any CPU.Build.0 = Release|Any CPU
		{694C689C-375A-4E4D-BB5E-B08D42EFC96A}.Release|Any CPU.ActiveCfg = Release|Any CPU
		{694C689C-375A-4E4D-BB5E-B08D42EFC96A}.Release|Any CPU.Build.0 = Release|Any CPU
		{94BD8189-CEFF-4D5D-98EA-796E5F655035}.Debug|Any CPU.ActiveCfg = Debug|Any CPU
		{94BD8189-CEFF-4D5D-98EA-796E5F655035}.Debug|Any CPU.Build.0 = Debug|Any CPU
		{94BD8189-CEFF-4D5D-98EA-796E5F655035}.Publish - BETA|Any CPU.ActiveCfg = Release|Any CPU
		{94BD8189-CEFF-4D5D-98EA-796E5F655035}.Publish - BETA|Any CPU.Build.0 = Release|Any CPU
		{94BD8189-CEFF-4D5D-98EA-796E5F655035}.Publish - LOCAL|Any CPU.ActiveCfg = Debug|Any CPU
		{94BD8189-CEFF-4D5D-98EA-796E5F655035}.Publish - LOCAL|Any CPU.Build.0 = Debug|Any CPU
		{94BD8189-CEFF-4D5D-98EA-796E5F655035}.Publish - RC|Any CPU.ActiveCfg = Release|Any CPU
		{94BD8189-CEFF-4D5D-98EA-796E5F655035}.Publish - RC|Any CPU.Build.0 = Release|Any CPU
		{94BD8189-CEFF-4D5D-98EA-796E5F655035}.Publish - STABLE|Any CPU.ActiveCfg = Release|Any CPU
		{94BD8189-CEFF-4D5D-98EA-796E5F655035}.Publish - STABLE|Any CPU.Build.0 = Release|Any CPU
		{94BD8189-CEFF-4D5D-98EA-796E5F655035}.Release|Any CPU.ActiveCfg = Release|Any CPU
		{94BD8189-CEFF-4D5D-98EA-796E5F655035}.Release|Any CPU.Build.0 = Release|Any CPU
		{130ECBE4-1B93-4A75-8AFD-E87F9EC73DE6}.Debug|Any CPU.ActiveCfg = Debug|Any CPU
		{130ECBE4-1B93-4A75-8AFD-E87F9EC73DE6}.Debug|Any CPU.Build.0 = Debug|Any CPU
		{130ECBE4-1B93-4A75-8AFD-E87F9EC73DE6}.Publish - BETA|Any CPU.ActiveCfg = Publish - BETA|Any CPU
		{130ECBE4-1B93-4A75-8AFD-E87F9EC73DE6}.Publish - BETA|Any CPU.Build.0 = Publish - BETA|Any CPU
		{130ECBE4-1B93-4A75-8AFD-E87F9EC73DE6}.Publish - LOCAL|Any CPU.ActiveCfg = Publish - LOCAL|Any CPU
		{130ECBE4-1B93-4A75-8AFD-E87F9EC73DE6}.Publish - LOCAL|Any CPU.Build.0 = Publish - LOCAL|Any CPU
		{130ECBE4-1B93-4A75-8AFD-E87F9EC73DE6}.Publish - RC|Any CPU.ActiveCfg = Publish - RC|Any CPU
		{130ECBE4-1B93-4A75-8AFD-E87F9EC73DE6}.Publish - RC|Any CPU.Build.0 = Publish - RC|Any CPU
		{130ECBE4-1B93-4A75-8AFD-E87F9EC73DE6}.Publish - STABLE|Any CPU.ActiveCfg = Publish - STABLE|Any CPU
		{130ECBE4-1B93-4A75-8AFD-E87F9EC73DE6}.Publish - STABLE|Any CPU.Build.0 = Publish - STABLE|Any CPU
		{130ECBE4-1B93-4A75-8AFD-E87F9EC73DE6}.Release|Any CPU.ActiveCfg = Release|Any CPU
		{130ECBE4-1B93-4A75-8AFD-E87F9EC73DE6}.Release|Any CPU.Build.0 = Release|Any CPU
		{51E2617C-9B45-4BFC-AA74-7ACF6CD5AC6D}.Debug|Any CPU.ActiveCfg = Debug|Any CPU
		{51E2617C-9B45-4BFC-AA74-7ACF6CD5AC6D}.Debug|Any CPU.Build.0 = Debug|Any CPU
		{51E2617C-9B45-4BFC-AA74-7ACF6CD5AC6D}.Publish - BETA|Any CPU.ActiveCfg = Publish - BETA|Any CPU
		{51E2617C-9B45-4BFC-AA74-7ACF6CD5AC6D}.Publish - BETA|Any CPU.Build.0 = Publish - BETA|Any CPU
		{51E2617C-9B45-4BFC-AA74-7ACF6CD5AC6D}.Publish - LOCAL|Any CPU.ActiveCfg = Publish - LOCAL|Any CPU
		{51E2617C-9B45-4BFC-AA74-7ACF6CD5AC6D}.Publish - LOCAL|Any CPU.Build.0 = Publish - LOCAL|Any CPU
		{51E2617C-9B45-4BFC-AA74-7ACF6CD5AC6D}.Publish - RC|Any CPU.ActiveCfg = Publish - RC|Any CPU
		{51E2617C-9B45-4BFC-AA74-7ACF6CD5AC6D}.Publish - RC|Any CPU.Build.0 = Publish - RC|Any CPU
		{51E2617C-9B45-4BFC-AA74-7ACF6CD5AC6D}.Publish - STABLE|Any CPU.ActiveCfg = Publish - STABLE|Any CPU
		{51E2617C-9B45-4BFC-AA74-7ACF6CD5AC6D}.Publish - STABLE|Any CPU.Build.0 = Publish - STABLE|Any CPU
		{51E2617C-9B45-4BFC-AA74-7ACF6CD5AC6D}.Release|Any CPU.ActiveCfg = Release|Any CPU
		{51E2617C-9B45-4BFC-AA74-7ACF6CD5AC6D}.Release|Any CPU.Build.0 = Release|Any CPU
		{FAD826DB-98D7-4307-911D-8E256E9F55C2}.Debug|Any CPU.ActiveCfg = Debug|Any CPU
		{FAD826DB-98D7-4307-911D-8E256E9F55C2}.Debug|Any CPU.Build.0 = Debug|Any CPU
		{FAD826DB-98D7-4307-911D-8E256E9F55C2}.Publish - BETA|Any CPU.ActiveCfg = Publish - BETA|Any CPU
		{FAD826DB-98D7-4307-911D-8E256E9F55C2}.Publish - BETA|Any CPU.Build.0 = Publish - BETA|Any CPU
		{FAD826DB-98D7-4307-911D-8E256E9F55C2}.Publish - LOCAL|Any CPU.ActiveCfg = Publish - LOCAL|Any CPU
		{FAD826DB-98D7-4307-911D-8E256E9F55C2}.Publish - LOCAL|Any CPU.Build.0 = Publish - LOCAL|Any CPU
		{FAD826DB-98D7-4307-911D-8E256E9F55C2}.Publish - RC|Any CPU.ActiveCfg = Publish - RC|Any CPU
		{FAD826DB-98D7-4307-911D-8E256E9F55C2}.Publish - RC|Any CPU.Build.0 = Publish - RC|Any CPU
		{FAD826DB-98D7-4307-911D-8E256E9F55C2}.Publish - STABLE|Any CPU.ActiveCfg = Publish - STABLE|Any CPU
		{FAD826DB-98D7-4307-911D-8E256E9F55C2}.Publish - STABLE|Any CPU.Build.0 = Publish - STABLE|Any CPU
		{FAD826DB-98D7-4307-911D-8E256E9F55C2}.Release|Any CPU.ActiveCfg = Release|Any CPU
		{FAD826DB-98D7-4307-911D-8E256E9F55C2}.Release|Any CPU.Build.0 = Release|Any CPU
		{A918DC97-8098-49DC-ACBF-6FAF5309B90B}.Debug|Any CPU.ActiveCfg = Debug|Any CPU
		{A918DC97-8098-49DC-ACBF-6FAF5309B90B}.Debug|Any CPU.Build.0 = Debug|Any CPU
		{A918DC97-8098-49DC-ACBF-6FAF5309B90B}.Publish - BETA|Any CPU.ActiveCfg = Publish - BETA|Any CPU
		{A918DC97-8098-49DC-ACBF-6FAF5309B90B}.Publish - BETA|Any CPU.Build.0 = Publish - BETA|Any CPU
		{A918DC97-8098-49DC-ACBF-6FAF5309B90B}.Publish - LOCAL|Any CPU.ActiveCfg = Publish - LOCAL|Any CPU
		{A918DC97-8098-49DC-ACBF-6FAF5309B90B}.Publish - LOCAL|Any CPU.Build.0 = Publish - LOCAL|Any CPU
		{A918DC97-8098-49DC-ACBF-6FAF5309B90B}.Publish - RC|Any CPU.ActiveCfg = Publish - RC|Any CPU
		{A918DC97-8098-49DC-ACBF-6FAF5309B90B}.Publish - RC|Any CPU.Build.0 = Publish - RC|Any CPU
		{A918DC97-8098-49DC-ACBF-6FAF5309B90B}.Publish - STABLE|Any CPU.ActiveCfg = Publish - STABLE|Any CPU
		{A918DC97-8098-49DC-ACBF-6FAF5309B90B}.Publish - STABLE|Any CPU.Build.0 = Publish - STABLE|Any CPU
		{A918DC97-8098-49DC-ACBF-6FAF5309B90B}.Release|Any CPU.ActiveCfg = Release|Any CPU
		{A918DC97-8098-49DC-ACBF-6FAF5309B90B}.Release|Any CPU.Build.0 = Release|Any CPU
		{DA9E7326-8610-4CB7-A7EF-C84CCE0A4143}.Debug|Any CPU.ActiveCfg = Debug|Any CPU
		{DA9E7326-8610-4CB7-A7EF-C84CCE0A4143}.Debug|Any CPU.Build.0 = Debug|Any CPU
		{DA9E7326-8610-4CB7-A7EF-C84CCE0A4143}.Publish - BETA|Any CPU.ActiveCfg = Release|Any CPU
		{DA9E7326-8610-4CB7-A7EF-C84CCE0A4143}.Publish - BETA|Any CPU.Build.0 = Release|Any CPU
		{DA9E7326-8610-4CB7-A7EF-C84CCE0A4143}.Publish - LOCAL|Any CPU.ActiveCfg = Release|Any CPU
		{DA9E7326-8610-4CB7-A7EF-C84CCE0A4143}.Publish - LOCAL|Any CPU.Build.0 = Release|Any CPU
		{DA9E7326-8610-4CB7-A7EF-C84CCE0A4143}.Publish - RC|Any CPU.ActiveCfg = Release|Any CPU
		{DA9E7326-8610-4CB7-A7EF-C84CCE0A4143}.Publish - RC|Any CPU.Build.0 = Release|Any CPU
		{DA9E7326-8610-4CB7-A7EF-C84CCE0A4143}.Publish - STABLE|Any CPU.ActiveCfg = Release|Any CPU
		{DA9E7326-8610-4CB7-A7EF-C84CCE0A4143}.Publish - STABLE|Any CPU.Build.0 = Release|Any CPU
		{DA9E7326-8610-4CB7-A7EF-C84CCE0A4143}.Release|Any CPU.ActiveCfg = Release|Any CPU
		{DA9E7326-8610-4CB7-A7EF-C84CCE0A4143}.Release|Any CPU.Build.0 = Release|Any CPU
	EndGlobalSection
	GlobalSection(SolutionProperties) = preSolution
		HideSolutionNode = FALSE
	EndGlobalSection
	GlobalSection(NestedProjects) = preSolution
		{1622E678-C1B4-46A0-AF64-4121837161D7} = {7077A8A4-338F-4AE7-891D-BA9E9BFDA587}
		{3A8BF0FD-01DE-414A-8CBA-CA38369D635A} = {1622E678-C1B4-46A0-AF64-4121837161D7}
		{DE493E5D-E887-417D-98AF-CDB8DF72E4FA} = {1622E678-C1B4-46A0-AF64-4121837161D7}
		{694C689C-375A-4E4D-BB5E-B08D42EFC96A} = {1622E678-C1B4-46A0-AF64-4121837161D7}
		{94BD8189-CEFF-4D5D-98EA-796E5F655035} = {1622E678-C1B4-46A0-AF64-4121837161D7}
		{6243BF46-3B7C-4137-ACE9-79541A6AD8E9} = {7077A8A4-338F-4AE7-891D-BA9E9BFDA587}
		{130ECBE4-1B93-4A75-8AFD-E87F9EC73DE6} = {1622E678-C1B4-46A0-AF64-4121837161D7}
		{51E2617C-9B45-4BFC-AA74-7ACF6CD5AC6D} = {1622E678-C1B4-46A0-AF64-4121837161D7}
		{FAD826DB-98D7-4307-911D-8E256E9F55C2} = {1622E678-C1B4-46A0-AF64-4121837161D7}
		{A918DC97-8098-49DC-ACBF-6FAF5309B90B} = {1622E678-C1B4-46A0-AF64-4121837161D7}
		{DA9E7326-8610-4CB7-A7EF-C84CCE0A4143} = {1622E678-C1B4-46A0-AF64-4121837161D7}
	EndGlobalSection
EndGlobal
