
Microsoft Visual Studio Solution File, Format Version 12.00
# Visual Studio 2013
VisualStudioVersion = 12.0.30723.0
MinimumVisualStudioVersion = 10.0.40219.1
Project("{FAE04EC0-301F-11D3-BF4B-00C04F79EFBC}") = "Foundation.UnitTests.Common", "Sources\Common\Tests\Foundation.UnitTests.Common\Foundation.UnitTests.Common.csproj", "{31859794-C6AE-447C-990D-CABFBAFD7E02}"
EndProject
Project("{2150E333-8FDC-42A3-9474-1A3956D46DE8}") = "Solution Items", "Solution Items", "{0DA3DCAD-BED8-4032-A426-C0703DC653CF}"
	ProjectSection(SolutionItems) = preProject
		default.runsettings = default.runsettings
	EndProjectSection
EndProject
Project("{FAE04EC0-301F-11D3-BF4B-00C04F79EFBC}") = "Foundation.Common", "Sources\Common\Foundation.Common\Foundation.Common.csproj", "{DFEAB4E6-D02D-448B-8649-2D12BE137191}"
EndProject
Project("{FAE04EC0-301F-11D3-BF4B-00C04F79EFBC}") = "Foundation.DotNet45", "Sources\DotNet45\Foundation.DotNet45\Foundation.DotNet45.csproj", "{4E62F88D-AB89-4AEB-932D-B8D1EE78F59D}"
EndProject
Project("{FAE04EC0-301F-11D3-BF4B-00C04F79EFBC}") = "Foundation.Data.Common", "Sources\Common\Foundation.Data.Common\Foundation.Data.Common.csproj", "{23CEADC1-A877-465A-9549-35C2C80A0460}"
EndProject
Project("{FAE04EC0-301F-11D3-BF4B-00C04F79EFBC}") = "Foundation.Data.DotNet45", "Sources\DotNet45\Foundation.Data.DotNet45\Foundation.Data.DotNet45.csproj", "{1A2DB9FE-7D95-47F2-8B28-7E9B0A319B14}"
EndProject
Project("{FAE04EC0-301F-11D3-BF4B-00C04F79EFBC}") = "Foundation.Presentation.Xaml.Common", "Sources\Common\Foundation.Presentation.Xaml.Common\Foundation.Presentation.Xaml.Common.csproj", "{6D246254-BF79-47C6-AE0E-2FDA3E9467A4}"
EndProject
Project("{2150E333-8FDC-42A3-9474-1A3956D46DE8}") = "Common", "Common", "{3E3D143E-A6C5-4DED-8927-AEACF1F0784A}"
EndProject
Project("{2150E333-8FDC-42A3-9474-1A3956D46DE8}") = "DotNet45", "DotNet45", "{D95634A3-6069-430C-A3B5-97347AE8EF5F}"
EndProject
Project("{FAE04EC0-301F-11D3-BF4B-00C04F79EFBC}") = "Foundation.Presentation.Xaml.DotNet45", "Sources\DotNet45\Foundation.Presentation.Xaml.DotNet45\Foundation.Presentation.Xaml.DotNet45.csproj", "{48E58F39-A7B8-44D9-AFBF-7985E42208C9}"
EndProject
Project("{2150E333-8FDC-42A3-9474-1A3956D46DE8}") = ".nuget", ".nuget", "{53B5030B-10DF-4CBC-B843-A709EF6C6D87}"
	ProjectSection(SolutionItems) = preProject
		.nuget\NuGet.Config = .nuget\NuGet.Config
		.nuget\NuGet.exe = .nuget\NuGet.exe
		.nuget\NuGet.targets = .nuget\NuGet.targets
	EndProjectSection
EndProject
Project("{FAE04EC0-301F-11D3-BF4B-00C04F79EFBC}") = "Foundation.Diagnostics.Infrastructure.Common", "Sources\Common\Foundation.Diagnostics.Infrastructure.Common\Foundation.Diagnostics.Infrastructure.Common.csproj", "{09913C58-684F-471C-A1BB-6E80F6C33862}"
EndProject
Project("{FAE04EC0-301F-11D3-BF4B-00C04F79EFBC}") = "Foundation.Diagnostics.Infrastructure.DotNet45", "Sources\DotNet45\Foundation.Diagnostics.Infrastructure.DotNet45\Foundation.Diagnostics.Infrastructure.DotNet45.csproj", "{231D0BB0-926B-47CE-B7B1-9E8E49DCE51E}"
EndProject
Project("{FAE04EC0-301F-11D3-BF4B-00C04F79EFBC}") = "Foundation.Diagnostics.Common", "Sources\Common\Foundation.Diagnostics.Common\Foundation.Diagnostics.Common.csproj", "{4C00093F-A067-4E66-9F70-7D715D941E20}"
EndProject
Project("{FAE04EC0-301F-11D3-BF4B-00C04F79EFBC}") = "Foundation.Diagnostics.DotNet45", "Sources\DotNet45\Foundation.Diagnostics.DotNet45\Foundation.Diagnostics.DotNet45.csproj", "{AB8007F5-AD2A-42B8-9375-98AE0AD89F80}"
EndProject
Project("{2150E333-8FDC-42A3-9474-1A3956D46DE8}") = ".tests", ".tests", "{9B4D9910-B430-4643-8C5F-DF5844C1A45A}"
EndProject
Project("{FAE04EC0-301F-11D3-BF4B-00C04F79EFBC}") = "Foundation.Presentation.Xaml.UITests.Common", "Sources\Common\Tests\Foundation.Presentation.Xaml.UITests.Common\Foundation.Presentation.Xaml.UITests.Common.csproj", "{EC89CEBA-2D3C-4D16-9622-614ADE1CC0CE}"
EndProject
Project("{FAE04EC0-301F-11D3-BF4B-00C04F79EFBC}") = "Foundation.Diagnostics.Shared.Common", "Sources\Common\Foundation.Diagnostics.Shared.Common\Foundation.Diagnostics.Shared.Common.csproj", "{140AD714-686F-45CF-BA63-768A8883ED26}"
EndProject
Project("{FAE04EC0-301F-11D3-BF4B-00C04F79EFBC}") = "Foundation.Diagnostics.UnitTests.Common", "Sources\Common\Tests\Foundation.Diagnostics.UnitTests.Common\Foundation.Diagnostics.UnitTests.Common.csproj", "{E198D2AB-90D6-46C2-B30C-288B973DD8BA}"
EndProject
Project("{2150E333-8FDC-42A3-9474-1A3956D46DE8}") = ".documentation", ".documentation", "{2571A7F4-6A81-421E-AC34-50BA59DB6417}"
EndProject
Project("{FAE04EC0-301F-11D3-BF4B-00C04F79EFBC}") = "Foundation.Diagnostics", "Documentation\Foundation.Diagnostics\Foundation.Diagnostics.csproj", "{E673F697-FEB4-49FB-9F0C-8F5C45F5E19A}"
EndProject
Project("{FAE04EC0-301F-11D3-BF4B-00C04F79EFBC}") = "Foundation.Presentation.Xaml.Styles.Modern.Common", "Sources\Common\Foundation.Presentation.Xaml.Styles.Modern.Common\Foundation.Presentation.Xaml.Styles.Modern.Common.csproj", "{3DFF87ED-8DD9-4FB3-B982-03BA514F321E}"
EndProject
Global
	GlobalSection(SolutionConfigurationPlatforms) = preSolution
		Debug|Any CPU = Debug|Any CPU
		Release|Any CPU = Release|Any CPU
	EndGlobalSection
	GlobalSection(ProjectConfigurationPlatforms) = postSolution
		{31859794-C6AE-447C-990D-CABFBAFD7E02}.Debug|Any CPU.ActiveCfg = Debug|Any CPU
		{31859794-C6AE-447C-990D-CABFBAFD7E02}.Debug|Any CPU.Build.0 = Debug|Any CPU
		{31859794-C6AE-447C-990D-CABFBAFD7E02}.Release|Any CPU.ActiveCfg = Release|Any CPU
		{31859794-C6AE-447C-990D-CABFBAFD7E02}.Release|Any CPU.Build.0 = Release|Any CPU
		{DFEAB4E6-D02D-448B-8649-2D12BE137191}.Debug|Any CPU.ActiveCfg = Debug|Any CPU
		{DFEAB4E6-D02D-448B-8649-2D12BE137191}.Debug|Any CPU.Build.0 = Debug|Any CPU
		{DFEAB4E6-D02D-448B-8649-2D12BE137191}.Release|Any CPU.ActiveCfg = Release|Any CPU
		{DFEAB4E6-D02D-448B-8649-2D12BE137191}.Release|Any CPU.Build.0 = Release|Any CPU
		{4E62F88D-AB89-4AEB-932D-B8D1EE78F59D}.Debug|Any CPU.ActiveCfg = Debug|Any CPU
		{4E62F88D-AB89-4AEB-932D-B8D1EE78F59D}.Debug|Any CPU.Build.0 = Debug|Any CPU
		{4E62F88D-AB89-4AEB-932D-B8D1EE78F59D}.Release|Any CPU.ActiveCfg = Release|Any CPU
		{4E62F88D-AB89-4AEB-932D-B8D1EE78F59D}.Release|Any CPU.Build.0 = Release|Any CPU
		{23CEADC1-A877-465A-9549-35C2C80A0460}.Debug|Any CPU.ActiveCfg = Debug|Any CPU
		{23CEADC1-A877-465A-9549-35C2C80A0460}.Debug|Any CPU.Build.0 = Debug|Any CPU
		{23CEADC1-A877-465A-9549-35C2C80A0460}.Release|Any CPU.ActiveCfg = Release|Any CPU
		{23CEADC1-A877-465A-9549-35C2C80A0460}.Release|Any CPU.Build.0 = Release|Any CPU
		{1A2DB9FE-7D95-47F2-8B28-7E9B0A319B14}.Debug|Any CPU.ActiveCfg = Debug|Any CPU
		{1A2DB9FE-7D95-47F2-8B28-7E9B0A319B14}.Debug|Any CPU.Build.0 = Debug|Any CPU
		{1A2DB9FE-7D95-47F2-8B28-7E9B0A319B14}.Release|Any CPU.ActiveCfg = Release|Any CPU
		{1A2DB9FE-7D95-47F2-8B28-7E9B0A319B14}.Release|Any CPU.Build.0 = Release|Any CPU
		{6D246254-BF79-47C6-AE0E-2FDA3E9467A4}.Debug|Any CPU.ActiveCfg = Debug|Any CPU
		{6D246254-BF79-47C6-AE0E-2FDA3E9467A4}.Debug|Any CPU.Build.0 = Debug|Any CPU
		{6D246254-BF79-47C6-AE0E-2FDA3E9467A4}.Release|Any CPU.ActiveCfg = Release|Any CPU
		{6D246254-BF79-47C6-AE0E-2FDA3E9467A4}.Release|Any CPU.Build.0 = Release|Any CPU
		{48E58F39-A7B8-44D9-AFBF-7985E42208C9}.Debug|Any CPU.ActiveCfg = Debug|Any CPU
		{48E58F39-A7B8-44D9-AFBF-7985E42208C9}.Debug|Any CPU.Build.0 = Debug|Any CPU
		{48E58F39-A7B8-44D9-AFBF-7985E42208C9}.Release|Any CPU.ActiveCfg = Release|Any CPU
		{48E58F39-A7B8-44D9-AFBF-7985E42208C9}.Release|Any CPU.Build.0 = Release|Any CPU
		{09913C58-684F-471C-A1BB-6E80F6C33862}.Debug|Any CPU.ActiveCfg = Debug|Any CPU
		{09913C58-684F-471C-A1BB-6E80F6C33862}.Debug|Any CPU.Build.0 = Debug|Any CPU
		{09913C58-684F-471C-A1BB-6E80F6C33862}.Release|Any CPU.ActiveCfg = Release|Any CPU
		{09913C58-684F-471C-A1BB-6E80F6C33862}.Release|Any CPU.Build.0 = Release|Any CPU
		{231D0BB0-926B-47CE-B7B1-9E8E49DCE51E}.Debug|Any CPU.ActiveCfg = Debug|Any CPU
		{231D0BB0-926B-47CE-B7B1-9E8E49DCE51E}.Debug|Any CPU.Build.0 = Debug|Any CPU
		{231D0BB0-926B-47CE-B7B1-9E8E49DCE51E}.Release|Any CPU.ActiveCfg = Release|Any CPU
		{231D0BB0-926B-47CE-B7B1-9E8E49DCE51E}.Release|Any CPU.Build.0 = Release|Any CPU
		{4C00093F-A067-4E66-9F70-7D715D941E20}.Debug|Any CPU.ActiveCfg = Debug|Any CPU
		{4C00093F-A067-4E66-9F70-7D715D941E20}.Debug|Any CPU.Build.0 = Debug|Any CPU
		{4C00093F-A067-4E66-9F70-7D715D941E20}.Release|Any CPU.ActiveCfg = Release|Any CPU
		{4C00093F-A067-4E66-9F70-7D715D941E20}.Release|Any CPU.Build.0 = Release|Any CPU
		{AB8007F5-AD2A-42B8-9375-98AE0AD89F80}.Debug|Any CPU.ActiveCfg = Debug|Any CPU
		{AB8007F5-AD2A-42B8-9375-98AE0AD89F80}.Debug|Any CPU.Build.0 = Debug|Any CPU
		{AB8007F5-AD2A-42B8-9375-98AE0AD89F80}.Release|Any CPU.ActiveCfg = Release|Any CPU
		{AB8007F5-AD2A-42B8-9375-98AE0AD89F80}.Release|Any CPU.Build.0 = Release|Any CPU
		{EC89CEBA-2D3C-4D16-9622-614ADE1CC0CE}.Debug|Any CPU.ActiveCfg = Debug|Any CPU
		{EC89CEBA-2D3C-4D16-9622-614ADE1CC0CE}.Debug|Any CPU.Build.0 = Debug|Any CPU
		{EC89CEBA-2D3C-4D16-9622-614ADE1CC0CE}.Release|Any CPU.ActiveCfg = Release|Any CPU
		{EC89CEBA-2D3C-4D16-9622-614ADE1CC0CE}.Release|Any CPU.Build.0 = Release|Any CPU
		{140AD714-686F-45CF-BA63-768A8883ED26}.Debug|Any CPU.ActiveCfg = Debug|Any CPU
		{140AD714-686F-45CF-BA63-768A8883ED26}.Release|Any CPU.ActiveCfg = Release|Any CPU
		{140AD714-686F-45CF-BA63-768A8883ED26}.Release|Any CPU.Build.0 = Release|Any CPU
		{E198D2AB-90D6-46C2-B30C-288B973DD8BA}.Debug|Any CPU.ActiveCfg = Debug|Any CPU
		{E198D2AB-90D6-46C2-B30C-288B973DD8BA}.Debug|Any CPU.Build.0 = Debug|Any CPU
		{E198D2AB-90D6-46C2-B30C-288B973DD8BA}.Release|Any CPU.ActiveCfg = Release|Any CPU
		{E198D2AB-90D6-46C2-B30C-288B973DD8BA}.Release|Any CPU.Build.0 = Release|Any CPU
		{E673F697-FEB4-49FB-9F0C-8F5C45F5E19A}.Debug|Any CPU.ActiveCfg = Debug|Any CPU
		{E673F697-FEB4-49FB-9F0C-8F5C45F5E19A}.Release|Any CPU.ActiveCfg = Release|Any CPU
		{E673F697-FEB4-49FB-9F0C-8F5C45F5E19A}.Release|Any CPU.Build.0 = Release|Any CPU
		{3DFF87ED-8DD9-4FB3-B982-03BA514F321E}.Debug|Any CPU.ActiveCfg = Debug|Any CPU
		{3DFF87ED-8DD9-4FB3-B982-03BA514F321E}.Debug|Any CPU.Build.0 = Debug|Any CPU
		{3DFF87ED-8DD9-4FB3-B982-03BA514F321E}.Release|Any CPU.ActiveCfg = Release|Any CPU
		{3DFF87ED-8DD9-4FB3-B982-03BA514F321E}.Release|Any CPU.Build.0 = Release|Any CPU
	EndGlobalSection
	GlobalSection(SolutionProperties) = preSolution
		HideSolutionNode = FALSE
	EndGlobalSection
	GlobalSection(NestedProjects) = preSolution
		{31859794-C6AE-447C-990D-CABFBAFD7E02} = {9B4D9910-B430-4643-8C5F-DF5844C1A45A}
		{DFEAB4E6-D02D-448B-8649-2D12BE137191} = {3E3D143E-A6C5-4DED-8927-AEACF1F0784A}
		{4E62F88D-AB89-4AEB-932D-B8D1EE78F59D} = {D95634A3-6069-430C-A3B5-97347AE8EF5F}
		{23CEADC1-A877-465A-9549-35C2C80A0460} = {3E3D143E-A6C5-4DED-8927-AEACF1F0784A}
		{1A2DB9FE-7D95-47F2-8B28-7E9B0A319B14} = {D95634A3-6069-430C-A3B5-97347AE8EF5F}
		{6D246254-BF79-47C6-AE0E-2FDA3E9467A4} = {3E3D143E-A6C5-4DED-8927-AEACF1F0784A}
		{48E58F39-A7B8-44D9-AFBF-7985E42208C9} = {D95634A3-6069-430C-A3B5-97347AE8EF5F}
		{09913C58-684F-471C-A1BB-6E80F6C33862} = {3E3D143E-A6C5-4DED-8927-AEACF1F0784A}
		{231D0BB0-926B-47CE-B7B1-9E8E49DCE51E} = {D95634A3-6069-430C-A3B5-97347AE8EF5F}
		{4C00093F-A067-4E66-9F70-7D715D941E20} = {3E3D143E-A6C5-4DED-8927-AEACF1F0784A}
		{AB8007F5-AD2A-42B8-9375-98AE0AD89F80} = {D95634A3-6069-430C-A3B5-97347AE8EF5F}
		{EC89CEBA-2D3C-4D16-9622-614ADE1CC0CE} = {9B4D9910-B430-4643-8C5F-DF5844C1A45A}
		{140AD714-686F-45CF-BA63-768A8883ED26} = {3E3D143E-A6C5-4DED-8927-AEACF1F0784A}
		{E198D2AB-90D6-46C2-B30C-288B973DD8BA} = {9B4D9910-B430-4643-8C5F-DF5844C1A45A}
		{E673F697-FEB4-49FB-9F0C-8F5C45F5E19A} = {2571A7F4-6A81-421E-AC34-50BA59DB6417}
		{3DFF87ED-8DD9-4FB3-B982-03BA514F321E} = {3E3D143E-A6C5-4DED-8927-AEACF1F0784A}
	EndGlobalSection
EndGlobal
