
Microsoft Visual Studio Solution File, Format Version 12.00
# Visual Studio 2013
VisualStudioVersion = 12.0.21005.1
MinimumVisualStudioVersion = 10.0.40219.1
Project("{FAE04EC0-301F-11D3-BF4B-00C04F79EFBC}") = "Foundation.UnitTests.Common", "Sources\Common\Tests\Foundation.UnitTests.Common\Foundation.UnitTests.Common.csproj", "{31859794-C6AE-447C-990D-CABFBAFD7E02}"
EndProject
Project("{2150E333-8FDC-42A3-9474-1A3956D46DE8}") = "Solution Items", "Solution Items", "{0DA3DCAD-BED8-4032-A426-C0703DC653CF}"
	ProjectSection(SolutionItems) = preProject
		default.runsettings = default.runsettings
	EndProjectSection
EndProject
Project("{FAE04EC0-301F-11D3-BF4B-00C04F79EFBC}") = "Foundation.Common", "Sources\Common\Foundation.Common\Foundation.Common.csproj", "{DFEAB4E6-D02D-448B-8649-2D12BE137191}"
EndProject
Project("{FAE04EC0-301F-11D3-BF4B-00C04F79EFBC}") = "Foundation.DotNet45", "Sources\DotNet45\Foundation.DotNet45\Foundation.DotNet45.csproj", "{4E62F88D-AB89-4AEB-932D-B8D1EE78F59D}"
EndProject
Global
	GlobalSection(SolutionConfigurationPlatforms) = preSolution
		Debug|Any CPU = Debug|Any CPU
		Release|Any CPU = Release|Any CPU
	EndGlobalSection
	GlobalSection(ProjectConfigurationPlatforms) = postSolution
		{31859794-C6AE-447C-990D-CABFBAFD7E02}.Debug|Any CPU.ActiveCfg = Debug|Any CPU
		{31859794-C6AE-447C-990D-CABFBAFD7E02}.Debug|Any CPU.Build.0 = Debug|Any CPU
		{31859794-C6AE-447C-990D-CABFBAFD7E02}.Release|Any CPU.ActiveCfg = Release|Any CPU
		{31859794-C6AE-447C-990D-CABFBAFD7E02}.Release|Any CPU.Build.0 = Release|Any CPU
		{DFEAB4E6-D02D-448B-8649-2D12BE137191}.Debug|Any CPU.ActiveCfg = Debug|Any CPU
		{DFEAB4E6-D02D-448B-8649-2D12BE137191}.Debug|Any CPU.Build.0 = Debug|Any CPU
		{DFEAB4E6-D02D-448B-8649-2D12BE137191}.Release|Any CPU.ActiveCfg = Release|Any CPU
		{DFEAB4E6-D02D-448B-8649-2D12BE137191}.Release|Any CPU.Build.0 = Release|Any CPU
		{4E62F88D-AB89-4AEB-932D-B8D1EE78F59D}.Debug|Any CPU.ActiveCfg = Debug|Any CPU
		{4E62F88D-AB89-4AEB-932D-B8D1EE78F59D}.Debug|Any CPU.Build.0 = Debug|Any CPU
		{4E62F88D-AB89-4AEB-932D-B8D1EE78F59D}.Release|Any CPU.ActiveCfg = Release|Any CPU
		{4E62F88D-AB89-4AEB-932D-B8D1EE78F59D}.Release|Any CPU.Build.0 = Release|Any CPU
	EndGlobalSection
	GlobalSection(SolutionProperties) = preSolution
		HideSolutionNode = FALSE
	EndGlobalSection
EndGlobal
