
Microsoft Visual Studio Solution File, Format Version 12.00
# Visual Studio 2013
VisualStudioVersion = 12.0.30723.0
MinimumVisualStudioVersion = 10.0.40219.1
Project("{FAE04EC0-301F-11D3-BF4B-00C04F79EFBC}") = "Foundation.UnitTests.Common", "Sources\Common\Tests\Foundation.UnitTests.Common\Foundation.UnitTests.Common.csproj", "{31859794-C6AE-447C-990D-CABFBAFD7E02}"
EndProject
Project("{2150E333-8FDC-42A3-9474-1A3956D46DE8}") = "Solution Items", "Solution Items", "{0DA3DCAD-BED8-4032-A426-C0703DC653CF}"
	ProjectSection(SolutionItems) = preProject
		default.runsettings = default.runsettings
	EndProjectSection
EndProject
Project("{FAE04EC0-301F-11D3-BF4B-00C04F79EFBC}") = "Foundation.Common", "Sources\Common\Foundation.Common\Foundation.Common.csproj", "{DFEAB4E6-D02D-448B-8649-2D12BE137191}"
EndProject
Project("{FAE04EC0-301F-11D3-BF4B-00C04F79EFBC}") = "Foundation.DotNet45", "Sources\DotNet45\Foundation.DotNet45\Foundation.DotNet45.csproj", "{4E62F88D-AB89-4AEB-932D-B8D1EE78F59D}"
EndProject
Project("{FAE04EC0-301F-11D3-BF4B-00C04F79EFBC}") = "Foundation.Data.Common", "Sources\Common\Foundation.Data.Common\Foundation.Data.Common.csproj", "{23CEADC1-A877-465A-9549-35C2C80A0460}"
EndProject
Project("{FAE04EC0-301F-11D3-BF4B-00C04F79EFBC}") = "Foundation.Data.DotNet45", "Sources\DotNet45\Foundation.Data.DotNet45\Foundation.Data.DotNet45.csproj", "{1A2DB9FE-7D95-47F2-8B28-7E9B0A319B14}"
EndProject
Project("{FAE04EC0-301F-11D3-BF4B-00C04F79EFBC}") = "Foundation.Presentation.Xaml.Common", "Sources\Common\Foundation.Presentation.Xaml.Common\Foundation.Presentation.Xaml.Common.csproj", "{6D246254-BF79-47C6-AE0E-2FDA3E9467A4}"
EndProject
Project("{2150E333-8FDC-42A3-9474-1A3956D46DE8}") = "Common", "Common", "{3E3D143E-A6C5-4DED-8927-AEACF1F0784A}"
	ProjectSection(SolutionItems) = preProject
		Sources\Common\InternalTrace.cs = Sources\Common\InternalTrace.cs
	EndProjectSection
EndProject
Project("{2150E333-8FDC-42A3-9474-1A3956D46DE8}") = "DotNet45", "DotNet45", "{D95634A3-6069-430C-A3B5-97347AE8EF5F}"
EndProject
Project("{FAE04EC0-301F-11D3-BF4B-00C04F79EFBC}") = "Foundation.Presentation.Xaml.DotNet45", "Sources\DotNet45\Foundation.Presentation.Xaml.DotNet45\Foundation.Presentation.Xaml.DotNet45.csproj", "{48E58F39-A7B8-44D9-AFBF-7985E42208C9}"
EndProject
Project("{2150E333-8FDC-42A3-9474-1A3956D46DE8}") = ".nuget", ".nuget", "{53B5030B-10DF-4CBC-B843-A709EF6C6D87}"
	ProjectSection(SolutionItems) = preProject
		.nuget\NuGet.Config = .nuget\NuGet.Config
		.nuget\NuGet.exe = .nuget\NuGet.exe
		.nuget\NuGet.targets = .nuget\NuGet.targets
	EndProjectSection
EndProject
Project("{FAE04EC0-301F-11D3-BF4B-00C04F79EFBC}") = "Foundation.Diagnostics.Infrastructure.Common", "Sources\Common\Foundation.Diagnostics.Infrastructure.Common\Foundation.Diagnostics.Infrastructure.Common.csproj", "{09913C58-684F-471C-A1BB-6E80F6C33862}"
EndProject
Project("{FAE04EC0-301F-11D3-BF4B-00C04F79EFBC}") = "Foundation.Diagnostics.Infrastructure.DotNet45", "Sources\DotNet45\Foundation.Diagnostics.Infrastructure.DotNet45\Foundation.Diagnostics.Infrastructure.DotNet45.csproj", "{231D0BB0-926B-47CE-B7B1-9E8E49DCE51E}"
EndProject
Project("{FAE04EC0-301F-11D3-BF4B-00C04F79EFBC}") = "Foundation.Diagnostics.Common", "Sources\Common\Foundation.Diagnostics.Common\Foundation.Diagnostics.Common.csproj", "{4C00093F-A067-4E66-9F70-7D715D941E20}"
EndProject
Project("{FAE04EC0-301F-11D3-BF4B-00C04F79EFBC}") = "Foundation.Diagnostics.DotNet45", "Sources\DotNet45\Foundation.Diagnostics.DotNet45\Foundation.Diagnostics.DotNet45.csproj", "{AB8007F5-AD2A-42B8-9375-98AE0AD89F80}"
EndProject
Project("{2150E333-8FDC-42A3-9474-1A3956D46DE8}") = ".tests", ".tests", "{9B4D9910-B430-4643-8C5F-DF5844C1A45A}"
EndProject
Project("{FAE04EC0-301F-11D3-BF4B-00C04F79EFBC}") = "Foundation.Presentation.Xaml.UITests.Common", "Sources\Common\Tests\Foundation.Presentation.Xaml.UITests.Common\Foundation.Presentation.Xaml.UITests.Common.csproj", "{EC89CEBA-2D3C-4D16-9622-614ADE1CC0CE}"
EndProject
Project("{FAE04EC0-301F-11D3-BF4B-00C04F79EFBC}") = "Foundation.Diagnostics.UnitTests.Common", "Sources\Common\Tests\Foundation.Diagnostics.UnitTests.Common\Foundation.Diagnostics.UnitTests.Common.csproj", "{E198D2AB-90D6-46C2-B30C-288B973DD8BA}"
EndProject
Project("{2150E333-8FDC-42A3-9474-1A3956D46DE8}") = ".documentation", ".documentation", "{2571A7F4-6A81-421E-AC34-50BA59DB6417}"
	ProjectSection(SolutionItems) = preProject
		..\LICENSE = ..\LICENSE
	EndProjectSection
EndProject
Project("{FAE04EC0-301F-11D3-BF4B-00C04F79EFBC}") = "Foundation.Diagnostics", "Documentation\Foundation.Diagnostics\Foundation.Diagnostics.csproj", "{E673F697-FEB4-49FB-9F0C-8F5C45F5E19A}"
EndProject
Project("{FAE04EC0-301F-11D3-BF4B-00C04F79EFBC}") = "Foundation.Presentation.Xaml.Styles.Modern.Common", "Sources\Common\Foundation.Presentation.Xaml.Styles.Modern.Common\Foundation.Presentation.Xaml.Styles.Modern.Common.csproj", "{3DFF87ED-8DD9-4FB3-B982-03BA514F321E}"
EndProject
Project("{FAE04EC0-301F-11D3-BF4B-00C04F79EFBC}") = "Foundation.Diagnostics.Walkthrough.Common", "Sources\Common\Tests\Foundation.Diagnostics.Walkthrough.Common\Foundation.Diagnostics.Walkthrough.Common.csproj", "{95283A9F-CED0-4F97-9768-882E4901E02E}"
EndProject
Project("{FAE04EC0-301F-11D3-BF4B-00C04F79EFBC}") = "Foundation.Presentation.Xaml", "Documentation\Foundation.Presentation.Xaml\Foundation.Presentation.Xaml.csproj", "{670BC845-8631-4016-8D1E-D5BE178314C0}"
EndProject
Project("{2150E333-8FDC-42A3-9474-1A3956D46DE8}") = ".deployment", ".deployment", "{FE5524BE-5B37-4D2A-9081-CB156FD55B10}"
EndProject
Project("{FAE04EC0-301F-11D3-BF4B-00C04F79EFBC}") = "NuGet.Foundation", "Deployment\NuGet.Foundation\NuGet.Foundation.csproj", "{63D3DE62-1E8D-46F7-9D44-DD70AFE2EE7E}"
	ProjectSection(ProjectDependencies) = postProject
		{4E62F88D-AB89-4AEB-932D-B8D1EE78F59D} = {4E62F88D-AB89-4AEB-932D-B8D1EE78F59D}
		{DFEAB4E6-D02D-448B-8649-2D12BE137191} = {DFEAB4E6-D02D-448B-8649-2D12BE137191}
	EndProjectSection
EndProject
Project("{FAE04EC0-301F-11D3-BF4B-00C04F79EFBC}") = "NuGet.Foundation.Data", "Deployment\NuGet.Foundation.Data\NuGet.Foundation.Data.csproj", "{0451BAEF-DF2E-4B98-8644-94EE9415E389}"
	ProjectSection(ProjectDependencies) = postProject
		{23CEADC1-A877-465A-9549-35C2C80A0460} = {23CEADC1-A877-465A-9549-35C2C80A0460}
		{1A2DB9FE-7D95-47F2-8B28-7E9B0A319B14} = {1A2DB9FE-7D95-47F2-8B28-7E9B0A319B14}
	EndProjectSection
EndProject
Project("{FAE04EC0-301F-11D3-BF4B-00C04F79EFBC}") = "NuGet.Foundation.Presentation.Xaml", "Deployment\NuGet.Foundation.Presentation.Xaml\NuGet.Foundation.Presentation.Xaml.csproj", "{F1A1E6F7-FE7C-47AD-84D6-202F3EF61EF3}"
	ProjectSection(ProjectDependencies) = postProject
		{48E58F39-A7B8-44D9-AFBF-7985E42208C9} = {48E58F39-A7B8-44D9-AFBF-7985E42208C9}
		{6D246254-BF79-47C6-AE0E-2FDA3E9467A4} = {6D246254-BF79-47C6-AE0E-2FDA3E9467A4}
	EndProjectSection
EndProject
Project("{2150E333-8FDC-42A3-9474-1A3956D46DE8}") = ".version", ".version", "{F1F8CE39-483F-4EC0-A52C-E64285898893}"
	ProjectSection(SolutionItems) = preProject
		AssemblyInfo.shared.cs = AssemblyInfo.shared.cs
	EndProjectSection
EndProject
Project("{FAE04EC0-301F-11D3-BF4B-00C04F79EFBC}") = "NuGet.Foundation.Diagnostics.Infrastructure", "Deployment\NuGet.Foundation.Diagnostics.Infrastructure\NuGet.Foundation.Diagnostics.Infrastructure.csproj", "{1FBE712A-50E2-4745-AF68-4150B6C590AA}"
EndProject
Project("{FAE04EC0-301F-11D3-BF4B-00C04F79EFBC}") = "NuGet.Foundation.Diagnostics", "Deployment\NuGet.Foundation.Diagnostics\NuGet.Foundation.Diagnostics.csproj", "{19716D1E-11B5-40CC-B260-204536FCE8E9}"
EndProject
Project("{FAE04EC0-301F-11D3-BF4B-00C04F79EFBC}") = "Foundation.Win32Api.Common", "Sources\Common\Foundation.Win32Api.Common\Foundation.Win32Api.Common.csproj", "{05687CDC-ECD4-4AE2-A579-3C1BB1AA49F8}"
EndProject
Project("{FAE04EC0-301F-11D3-BF4B-00C04F79EFBC}") = "Foundation.Win32Api.DotNet45", "Sources\DotNet45\Foundation.Win32Api.DotNet45\Foundation.Win32Api.DotNet45.csproj", "{7EAC6223-18DB-415D-8393-071D83FB0D9D}"
EndProject
Project("{FAE04EC0-301F-11D3-BF4B-00C04F79EFBC}") = "NuGet.Foundation.Win32Api", "Deployment\NuGet.Foundation.Win32Api\NuGet.Foundation.Win32Api.csproj", "{4089A67A-B628-40DC-A3A0-AD1CA32062B5}"
EndProject
Project("{FAE04EC0-301F-11D3-BF4B-00C04F79EFBC}") = "Foundation.Unsafe.Common", "Sources\Common\Foundation.Unsafe.Common\Foundation.Unsafe.Common.csproj", "{A5591E51-A4D0-4CEA-B7B0-A8033749D07B}"
EndProject
Project("{FAE04EC0-301F-11D3-BF4B-00C04F79EFBC}") = "Foundation.Presentation.Xaml.Styles.Modern.DotNet45", "Sources\DotNet45\Foundation.Presentation.Xaml.Styles.Modern.DotNet45\Foundation.Presentation.Xaml.Styles.Modern.DotNet45.csproj", "{E74AA52F-639C-45AD-A395-351BDE0558C1}"
EndProject
Project("{FAE04EC0-301F-11D3-BF4B-00C04F79EFBC}") = "NuGet.Foundation.Unsafe", "Deployment\NuGet.Foundation.Unsafe\NuGet.Foundation.Unsafe.csproj", "{3D7262AD-A213-4DAE-971C-F60ABDBF4F83}"
EndProject
Project("{FAE04EC0-301F-11D3-BF4B-00C04F79EFBC}") = "NuGet.Foundation.Presentation.Xaml.Styles.Modern", "Deployment\NuGet.Foundation.Presentation.Xaml.Styles.Modern\NuGet.Foundation.Presentation.Xaml.Styles.Modern.csproj", "{3F869AD2-C74E-4E60-B0B5-5BCBBA56834F}"
EndProject
Project("{2150E333-8FDC-42A3-9474-1A3956D46DE8}") = ".tools", ".tools", "{F74B9A84-30AE-494C-8296-01178FBDBC6A}"
EndProject
Project("{FAE04EC0-301F-11D3-BF4B-00C04F79EFBC}") = "Nuget.DeployAllProjects", "tools\Nuget.DeployAllProjects\Nuget.DeployAllProjects.csproj", "{4A26D813-6EBA-4D59-9E45-A8210ACD6AA5}"
EndProject
Project("{FAE04EC0-301F-11D3-BF4B-00C04F79EFBC}") = "Foundation.Unsafe.DotNet45", "Sources\DotNet45\Foundation.Unsafe.DotNet45\Foundation.Unsafe.DotNet45.csproj", "{D434072A-9AC1-49C0-9FFB-BC602A58CB02}"
EndProject
Project("{FAE04EC0-301F-11D3-BF4B-00C04F79EFBC}") = "Foundation.Data.UnitTests.Common", "Sources\Common\Tests\Foundation.Data.UnitTests.Common\Foundation.Data.UnitTests.Common.csproj", "{1A75C3D1-C7F5-46FD-A1FC-39DBFC1A4299}"
EndProject
Project("{FAE04EC0-301F-11D3-BF4B-00C04F79EFBC}") = "Foundation.Presentation.Xaml.UnitTests.Common", "Sources\Common\Tests\Foundation.Presentation.Xaml.UnitTests.Common\Foundation.Presentation.Xaml.UnitTests.Common.csproj", "{642B95B1-8638-4703-8EA5-41C2CAD6E4DF}"
EndProject
Global
	GlobalSection(SolutionConfigurationPlatforms) = preSolution
		Debug|Any CPU = Debug|Any CPU
		Release|Any CPU = Release|Any CPU
	EndGlobalSection
	GlobalSection(ProjectConfigurationPlatforms) = postSolution
		{31859794-C6AE-447C-990D-CABFBAFD7E02}.Debug|Any CPU.ActiveCfg = Debug|Any CPU
		{31859794-C6AE-447C-990D-CABFBAFD7E02}.Debug|Any CPU.Build.0 = Debug|Any CPU
		{31859794-C6AE-447C-990D-CABFBAFD7E02}.Release|Any CPU.ActiveCfg = Release|Any CPU
		{31859794-C6AE-447C-990D-CABFBAFD7E02}.Release|Any CPU.Build.0 = Release|Any CPU
		{DFEAB4E6-D02D-448B-8649-2D12BE137191}.Debug|Any CPU.ActiveCfg = Debug|Any CPU
		{DFEAB4E6-D02D-448B-8649-2D12BE137191}.Debug|Any CPU.Build.0 = Debug|Any CPU
		{DFEAB4E6-D02D-448B-8649-2D12BE137191}.Release|Any CPU.ActiveCfg = Release|Any CPU
		{DFEAB4E6-D02D-448B-8649-2D12BE137191}.Release|Any CPU.Build.0 = Release|Any CPU
		{4E62F88D-AB89-4AEB-932D-B8D1EE78F59D}.Debug|Any CPU.ActiveCfg = Debug|Any CPU
		{4E62F88D-AB89-4AEB-932D-B8D1EE78F59D}.Debug|Any CPU.Build.0 = Debug|Any CPU
		{4E62F88D-AB89-4AEB-932D-B8D1EE78F59D}.Release|Any CPU.ActiveCfg = Release|Any CPU
		{4E62F88D-AB89-4AEB-932D-B8D1EE78F59D}.Release|Any CPU.Build.0 = Release|Any CPU
		{23CEADC1-A877-465A-9549-35C2C80A0460}.Debug|Any CPU.ActiveCfg = Debug|Any CPU
		{23CEADC1-A877-465A-9549-35C2C80A0460}.Debug|Any CPU.Build.0 = Debug|Any CPU
		{23CEADC1-A877-465A-9549-35C2C80A0460}.Release|Any CPU.ActiveCfg = Release|Any CPU
		{23CEADC1-A877-465A-9549-35C2C80A0460}.Release|Any CPU.Build.0 = Release|Any CPU
		{1A2DB9FE-7D95-47F2-8B28-7E9B0A319B14}.Debug|Any CPU.ActiveCfg = Debug|Any CPU
		{1A2DB9FE-7D95-47F2-8B28-7E9B0A319B14}.Debug|Any CPU.Build.0 = Debug|Any CPU
		{1A2DB9FE-7D95-47F2-8B28-7E9B0A319B14}.Release|Any CPU.ActiveCfg = Release|Any CPU
		{1A2DB9FE-7D95-47F2-8B28-7E9B0A319B14}.Release|Any CPU.Build.0 = Release|Any CPU
		{6D246254-BF79-47C6-AE0E-2FDA3E9467A4}.Debug|Any CPU.ActiveCfg = Debug|Any CPU
		{6D246254-BF79-47C6-AE0E-2FDA3E9467A4}.Debug|Any CPU.Build.0 = Debug|Any CPU
		{6D246254-BF79-47C6-AE0E-2FDA3E9467A4}.Release|Any CPU.ActiveCfg = Release|Any CPU
		{6D246254-BF79-47C6-AE0E-2FDA3E9467A4}.Release|Any CPU.Build.0 = Release|Any CPU
		{48E58F39-A7B8-44D9-AFBF-7985E42208C9}.Debug|Any CPU.ActiveCfg = Debug|Any CPU
		{48E58F39-A7B8-44D9-AFBF-7985E42208C9}.Debug|Any CPU.Build.0 = Debug|Any CPU
		{48E58F39-A7B8-44D9-AFBF-7985E42208C9}.Release|Any CPU.ActiveCfg = Release|Any CPU
		{48E58F39-A7B8-44D9-AFBF-7985E42208C9}.Release|Any CPU.Build.0 = Release|Any CPU
		{09913C58-684F-471C-A1BB-6E80F6C33862}.Debug|Any CPU.ActiveCfg = Debug|Any CPU
		{09913C58-684F-471C-A1BB-6E80F6C33862}.Debug|Any CPU.Build.0 = Debug|Any CPU
		{09913C58-684F-471C-A1BB-6E80F6C33862}.Release|Any CPU.ActiveCfg = Release|Any CPU
		{09913C58-684F-471C-A1BB-6E80F6C33862}.Release|Any CPU.Build.0 = Release|Any CPU
		{231D0BB0-926B-47CE-B7B1-9E8E49DCE51E}.Debug|Any CPU.ActiveCfg = Debug|Any CPU
		{231D0BB0-926B-47CE-B7B1-9E8E49DCE51E}.Debug|Any CPU.Build.0 = Debug|Any CPU
		{231D0BB0-926B-47CE-B7B1-9E8E49DCE51E}.Release|Any CPU.ActiveCfg = Release|Any CPU
		{231D0BB0-926B-47CE-B7B1-9E8E49DCE51E}.Release|Any CPU.Build.0 = Release|Any CPU
		{4C00093F-A067-4E66-9F70-7D715D941E20}.Debug|Any CPU.ActiveCfg = Debug|Any CPU
		{4C00093F-A067-4E66-9F70-7D715D941E20}.Debug|Any CPU.Build.0 = Debug|Any CPU
		{4C00093F-A067-4E66-9F70-7D715D941E20}.Release|Any CPU.ActiveCfg = Release|Any CPU
		{4C00093F-A067-4E66-9F70-7D715D941E20}.Release|Any CPU.Build.0 = Release|Any CPU
		{AB8007F5-AD2A-42B8-9375-98AE0AD89F80}.Debug|Any CPU.ActiveCfg = Debug|Any CPU
		{AB8007F5-AD2A-42B8-9375-98AE0AD89F80}.Debug|Any CPU.Build.0 = Debug|Any CPU
		{AB8007F5-AD2A-42B8-9375-98AE0AD89F80}.Release|Any CPU.ActiveCfg = Release|Any CPU
		{AB8007F5-AD2A-42B8-9375-98AE0AD89F80}.Release|Any CPU.Build.0 = Release|Any CPU
		{EC89CEBA-2D3C-4D16-9622-614ADE1CC0CE}.Debug|Any CPU.ActiveCfg = Debug|Any CPU
		{EC89CEBA-2D3C-4D16-9622-614ADE1CC0CE}.Debug|Any CPU.Build.0 = Debug|Any CPU
		{EC89CEBA-2D3C-4D16-9622-614ADE1CC0CE}.Release|Any CPU.ActiveCfg = Release|Any CPU
		{EC89CEBA-2D3C-4D16-9622-614ADE1CC0CE}.Release|Any CPU.Build.0 = Release|Any CPU
		{E198D2AB-90D6-46C2-B30C-288B973DD8BA}.Debug|Any CPU.ActiveCfg = Debug|Any CPU
		{E198D2AB-90D6-46C2-B30C-288B973DD8BA}.Debug|Any CPU.Build.0 = Debug|Any CPU
		{E198D2AB-90D6-46C2-B30C-288B973DD8BA}.Release|Any CPU.ActiveCfg = Release|Any CPU
		{E198D2AB-90D6-46C2-B30C-288B973DD8BA}.Release|Any CPU.Build.0 = Release|Any CPU
		{E673F697-FEB4-49FB-9F0C-8F5C45F5E19A}.Debug|Any CPU.ActiveCfg = Debug|Any CPU
		{E673F697-FEB4-49FB-9F0C-8F5C45F5E19A}.Release|Any CPU.ActiveCfg = Release|Any CPU
		{E673F697-FEB4-49FB-9F0C-8F5C45F5E19A}.Release|Any CPU.Build.0 = Release|Any CPU
		{3DFF87ED-8DD9-4FB3-B982-03BA514F321E}.Debug|Any CPU.ActiveCfg = Debug|Any CPU
		{3DFF87ED-8DD9-4FB3-B982-03BA514F321E}.Debug|Any CPU.Build.0 = Debug|Any CPU
		{3DFF87ED-8DD9-4FB3-B982-03BA514F321E}.Release|Any CPU.ActiveCfg = Release|Any CPU
		{3DFF87ED-8DD9-4FB3-B982-03BA514F321E}.Release|Any CPU.Build.0 = Release|Any CPU
		{95283A9F-CED0-4F97-9768-882E4901E02E}.Debug|Any CPU.ActiveCfg = Debug|Any CPU
		{95283A9F-CED0-4F97-9768-882E4901E02E}.Debug|Any CPU.Build.0 = Debug|Any CPU
		{95283A9F-CED0-4F97-9768-882E4901E02E}.Release|Any CPU.ActiveCfg = Release|Any CPU
		{95283A9F-CED0-4F97-9768-882E4901E02E}.Release|Any CPU.Build.0 = Release|Any CPU
		{670BC845-8631-4016-8D1E-D5BE178314C0}.Debug|Any CPU.ActiveCfg = Debug|Any CPU
		{670BC845-8631-4016-8D1E-D5BE178314C0}.Debug|Any CPU.Build.0 = Debug|Any CPU
		{670BC845-8631-4016-8D1E-D5BE178314C0}.Release|Any CPU.ActiveCfg = Release|Any CPU
		{670BC845-8631-4016-8D1E-D5BE178314C0}.Release|Any CPU.Build.0 = Release|Any CPU
		{63D3DE62-1E8D-46F7-9D44-DD70AFE2EE7E}.Debug|Any CPU.ActiveCfg = Debug|Any CPU
		{63D3DE62-1E8D-46F7-9D44-DD70AFE2EE7E}.Release|Any CPU.ActiveCfg = Release|Any CPU
		{0451BAEF-DF2E-4B98-8644-94EE9415E389}.Debug|Any CPU.ActiveCfg = Debug|Any CPU
		{0451BAEF-DF2E-4B98-8644-94EE9415E389}.Release|Any CPU.ActiveCfg = Release|Any CPU
		{F1A1E6F7-FE7C-47AD-84D6-202F3EF61EF3}.Debug|Any CPU.ActiveCfg = Debug|Any CPU
		{F1A1E6F7-FE7C-47AD-84D6-202F3EF61EF3}.Release|Any CPU.ActiveCfg = Release|Any CPU
		{1FBE712A-50E2-4745-AF68-4150B6C590AA}.Debug|Any CPU.ActiveCfg = Debug|Any CPU
		{1FBE712A-50E2-4745-AF68-4150B6C590AA}.Release|Any CPU.ActiveCfg = Release|Any CPU
		{19716D1E-11B5-40CC-B260-204536FCE8E9}.Debug|Any CPU.ActiveCfg = Debug|Any CPU
		{19716D1E-11B5-40CC-B260-204536FCE8E9}.Release|Any CPU.ActiveCfg = Release|Any CPU
		{05687CDC-ECD4-4AE2-A579-3C1BB1AA49F8}.Debug|Any CPU.ActiveCfg = Debug|Any CPU
		{05687CDC-ECD4-4AE2-A579-3C1BB1AA49F8}.Debug|Any CPU.Build.0 = Debug|Any CPU
		{05687CDC-ECD4-4AE2-A579-3C1BB1AA49F8}.Release|Any CPU.ActiveCfg = Release|Any CPU
		{05687CDC-ECD4-4AE2-A579-3C1BB1AA49F8}.Release|Any CPU.Build.0 = Release|Any CPU
		{7EAC6223-18DB-415D-8393-071D83FB0D9D}.Debug|Any CPU.ActiveCfg = Debug|Any CPU
		{7EAC6223-18DB-415D-8393-071D83FB0D9D}.Debug|Any CPU.Build.0 = Debug|Any CPU
		{7EAC6223-18DB-415D-8393-071D83FB0D9D}.Release|Any CPU.ActiveCfg = Release|Any CPU
		{7EAC6223-18DB-415D-8393-071D83FB0D9D}.Release|Any CPU.Build.0 = Release|Any CPU
		{4089A67A-B628-40DC-A3A0-AD1CA32062B5}.Debug|Any CPU.ActiveCfg = Debug|Any CPU
		{4089A67A-B628-40DC-A3A0-AD1CA32062B5}.Release|Any CPU.ActiveCfg = Release|Any CPU
		{A5591E51-A4D0-4CEA-B7B0-A8033749D07B}.Debug|Any CPU.ActiveCfg = Debug|Any CPU
		{A5591E51-A4D0-4CEA-B7B0-A8033749D07B}.Debug|Any CPU.Build.0 = Debug|Any CPU
		{A5591E51-A4D0-4CEA-B7B0-A8033749D07B}.Release|Any CPU.ActiveCfg = Release|Any CPU
		{A5591E51-A4D0-4CEA-B7B0-A8033749D07B}.Release|Any CPU.Build.0 = Release|Any CPU
		{E74AA52F-639C-45AD-A395-351BDE0558C1}.Debug|Any CPU.ActiveCfg = Debug|Any CPU
		{E74AA52F-639C-45AD-A395-351BDE0558C1}.Debug|Any CPU.Build.0 = Debug|Any CPU
		{E74AA52F-639C-45AD-A395-351BDE0558C1}.Release|Any CPU.ActiveCfg = Release|Any CPU
		{E74AA52F-639C-45AD-A395-351BDE0558C1}.Release|Any CPU.Build.0 = Release|Any CPU
		{3D7262AD-A213-4DAE-971C-F60ABDBF4F83}.Debug|Any CPU.ActiveCfg = Debug|Any CPU
		{3D7262AD-A213-4DAE-971C-F60ABDBF4F83}.Debug|Any CPU.Build.0 = Debug|Any CPU
		{3D7262AD-A213-4DAE-971C-F60ABDBF4F83}.Release|Any CPU.ActiveCfg = Release|Any CPU
		{3F869AD2-C74E-4E60-B0B5-5BCBBA56834F}.Debug|Any CPU.ActiveCfg = Debug|Any CPU
		{3F869AD2-C74E-4E60-B0B5-5BCBBA56834F}.Debug|Any CPU.Build.0 = Debug|Any CPU
		{3F869AD2-C74E-4E60-B0B5-5BCBBA56834F}.Release|Any CPU.ActiveCfg = Release|Any CPU
		{4A26D813-6EBA-4D59-9E45-A8210ACD6AA5}.Debug|Any CPU.ActiveCfg = Debug|Any CPU
		{4A26D813-6EBA-4D59-9E45-A8210ACD6AA5}.Debug|Any CPU.Build.0 = Debug|Any CPU
		{4A26D813-6EBA-4D59-9E45-A8210ACD6AA5}.Release|Any CPU.ActiveCfg = Release|Any CPU
		{D434072A-9AC1-49C0-9FFB-BC602A58CB02}.Debug|Any CPU.ActiveCfg = Debug|Any CPU
		{D434072A-9AC1-49C0-9FFB-BC602A58CB02}.Debug|Any CPU.Build.0 = Debug|Any CPU
		{D434072A-9AC1-49C0-9FFB-BC602A58CB02}.Release|Any CPU.ActiveCfg = Release|Any CPU
		{D434072A-9AC1-49C0-9FFB-BC602A58CB02}.Release|Any CPU.Build.0 = Release|Any CPU
		{1A75C3D1-C7F5-46FD-A1FC-39DBFC1A4299}.Debug|Any CPU.ActiveCfg = Debug|Any CPU
		{1A75C3D1-C7F5-46FD-A1FC-39DBFC1A4299}.Debug|Any CPU.Build.0 = Debug|Any CPU
		{1A75C3D1-C7F5-46FD-A1FC-39DBFC1A4299}.Release|Any CPU.ActiveCfg = Release|Any CPU
		{1A75C3D1-C7F5-46FD-A1FC-39DBFC1A4299}.Release|Any CPU.Build.0 = Release|Any CPU
		{642B95B1-8638-4703-8EA5-41C2CAD6E4DF}.Debug|Any CPU.ActiveCfg = Debug|Any CPU
		{642B95B1-8638-4703-8EA5-41C2CAD6E4DF}.Debug|Any CPU.Build.0 = Debug|Any CPU
		{642B95B1-8638-4703-8EA5-41C2CAD6E4DF}.Release|Any CPU.ActiveCfg = Release|Any CPU
		{642B95B1-8638-4703-8EA5-41C2CAD6E4DF}.Release|Any CPU.Build.0 = Release|Any CPU
	EndGlobalSection
	GlobalSection(SolutionProperties) = preSolution
		HideSolutionNode = FALSE
	EndGlobalSection
	GlobalSection(NestedProjects) = preSolution
		{31859794-C6AE-447C-990D-CABFBAFD7E02} = {9B4D9910-B430-4643-8C5F-DF5844C1A45A}
		{DFEAB4E6-D02D-448B-8649-2D12BE137191} = {3E3D143E-A6C5-4DED-8927-AEACF1F0784A}
		{4E62F88D-AB89-4AEB-932D-B8D1EE78F59D} = {D95634A3-6069-430C-A3B5-97347AE8EF5F}
		{23CEADC1-A877-465A-9549-35C2C80A0460} = {3E3D143E-A6C5-4DED-8927-AEACF1F0784A}
		{1A2DB9FE-7D95-47F2-8B28-7E9B0A319B14} = {D95634A3-6069-430C-A3B5-97347AE8EF5F}
		{6D246254-BF79-47C6-AE0E-2FDA3E9467A4} = {3E3D143E-A6C5-4DED-8927-AEACF1F0784A}
		{48E58F39-A7B8-44D9-AFBF-7985E42208C9} = {D95634A3-6069-430C-A3B5-97347AE8EF5F}
		{09913C58-684F-471C-A1BB-6E80F6C33862} = {3E3D143E-A6C5-4DED-8927-AEACF1F0784A}
		{231D0BB0-926B-47CE-B7B1-9E8E49DCE51E} = {D95634A3-6069-430C-A3B5-97347AE8EF5F}
		{4C00093F-A067-4E66-9F70-7D715D941E20} = {3E3D143E-A6C5-4DED-8927-AEACF1F0784A}
		{AB8007F5-AD2A-42B8-9375-98AE0AD89F80} = {D95634A3-6069-430C-A3B5-97347AE8EF5F}
		{EC89CEBA-2D3C-4D16-9622-614ADE1CC0CE} = {9B4D9910-B430-4643-8C5F-DF5844C1A45A}
		{E198D2AB-90D6-46C2-B30C-288B973DD8BA} = {9B4D9910-B430-4643-8C5F-DF5844C1A45A}
		{E673F697-FEB4-49FB-9F0C-8F5C45F5E19A} = {2571A7F4-6A81-421E-AC34-50BA59DB6417}
		{3DFF87ED-8DD9-4FB3-B982-03BA514F321E} = {3E3D143E-A6C5-4DED-8927-AEACF1F0784A}
		{95283A9F-CED0-4F97-9768-882E4901E02E} = {9B4D9910-B430-4643-8C5F-DF5844C1A45A}
		{670BC845-8631-4016-8D1E-D5BE178314C0} = {2571A7F4-6A81-421E-AC34-50BA59DB6417}
		{63D3DE62-1E8D-46F7-9D44-DD70AFE2EE7E} = {FE5524BE-5B37-4D2A-9081-CB156FD55B10}
		{0451BAEF-DF2E-4B98-8644-94EE9415E389} = {FE5524BE-5B37-4D2A-9081-CB156FD55B10}
		{F1A1E6F7-FE7C-47AD-84D6-202F3EF61EF3} = {FE5524BE-5B37-4D2A-9081-CB156FD55B10}
		{1FBE712A-50E2-4745-AF68-4150B6C590AA} = {FE5524BE-5B37-4D2A-9081-CB156FD55B10}
		{19716D1E-11B5-40CC-B260-204536FCE8E9} = {FE5524BE-5B37-4D2A-9081-CB156FD55B10}
		{05687CDC-ECD4-4AE2-A579-3C1BB1AA49F8} = {3E3D143E-A6C5-4DED-8927-AEACF1F0784A}
		{7EAC6223-18DB-415D-8393-071D83FB0D9D} = {D95634A3-6069-430C-A3B5-97347AE8EF5F}
		{4089A67A-B628-40DC-A3A0-AD1CA32062B5} = {FE5524BE-5B37-4D2A-9081-CB156FD55B10}
		{A5591E51-A4D0-4CEA-B7B0-A8033749D07B} = {3E3D143E-A6C5-4DED-8927-AEACF1F0784A}
		{E74AA52F-639C-45AD-A395-351BDE0558C1} = {D95634A3-6069-430C-A3B5-97347AE8EF5F}
		{3D7262AD-A213-4DAE-971C-F60ABDBF4F83} = {FE5524BE-5B37-4D2A-9081-CB156FD55B10}
		{3F869AD2-C74E-4E60-B0B5-5BCBBA56834F} = {FE5524BE-5B37-4D2A-9081-CB156FD55B10}
		{4A26D813-6EBA-4D59-9E45-A8210ACD6AA5} = {F74B9A84-30AE-494C-8296-01178FBDBC6A}
		{D434072A-9AC1-49C0-9FFB-BC602A58CB02} = {D95634A3-6069-430C-A3B5-97347AE8EF5F}
		{1A75C3D1-C7F5-46FD-A1FC-39DBFC1A4299} = {9B4D9910-B430-4643-8C5F-DF5844C1A45A}
		{642B95B1-8638-4703-8EA5-41C2CAD6E4DF} = {9B4D9910-B430-4643-8C5F-DF5844C1A45A}
	EndGlobalSection
EndGlobal
