
Microsoft Visual Studio Solution File, Format Version 12.00
# Visual Studio 15
VisualStudioVersion = 15.0.26430.6
MinimumVisualStudioVersion = 10.0.40219.1
Project("{2150E333-8FDC-42A3-9474-1A3956D46DE8}") = ".solution items", ".solution items", "{0DA3DCAD-BED8-4032-A426-C0703DC653CF}"
	ProjectSection(SolutionItems) = preProject
		default.runsettings = default.runsettings
	EndProjectSection
EndProject
Project("{2150E333-8FDC-42A3-9474-1A3956D46DE8}") = ".sources", ".sources", "{7077A8A4-338F-4AE7-891D-BA9E9BFDA587}"
EndProject
Project("{D954291E-2A0B-460D-934E-DC6B0785DB48}") = "Internal", "Sources\Internal\Internal.shproj", "{6243BF46-3B7C-4137-ACE9-79541A6AD8E9}"
EndProject
Project("{2150E333-8FDC-42A3-9474-1A3956D46DE8}") = "Types", "Types", "{AF34D822-AF0F-4548-AD37-950D93FAC268}"
EndProject
Project("{FAE04EC0-301F-11D3-BF4B-00C04F79EFBC}") = "Description", "Sources\Types\Description\Description.csproj", "{D956F880-CC06-491F-9979-4DD2AA9A15D2}"
EndProject
Project("{FAE04EC0-301F-11D3-BF4B-00C04F79EFBC}") = "Description.Reflection.DotNet45", "Sources\Types\Description.Reflection.DotNet45\Description.Reflection.DotNet45.csproj", "{D905ECD9-8E6F-4AD6-A205-AB8D55E39958}"
EndProject
Project("{FAE04EC0-301F-11D3-BF4B-00C04F79EFBC}") = "Description.NuGet", "Sources\Types\Description.NuGet\Description.NuGet.csproj", "{386D8534-D63D-481C-A9DB-4C05CF5FF4C7}"
EndProject
Project("{FAE04EC0-301F-11D3-BF4B-00C04F79EFBC}") = "Description.IL.DotNet45", "Sources\Types\Description.IL.DotNet45\Description.IL.DotNet45.csproj", "{E5811977-A6AF-4045-B2D6-B468AB5097CF}"
EndProject
Project("{FAE04EC0-301F-11D3-BF4B-00C04F79EFBC}") = "Description.Reflection.NuGet", "Sources\Types\Description.Reflection.NuGet\Description.Reflection.NuGet.csproj", "{E2EF06CD-2B6B-48ED-A7E1-96B753E7C023}"
EndProject
Project("{FAE04EC0-301F-11D3-BF4B-00C04F79EFBC}") = "Description.IL.NuGet", "Sources\Types\Description.IL.NuGet\Description.IL.NuGet.csproj", "{DEBDCD43-6A60-4909-851B-6B5D6C2D3D1C}"
EndProject
Project("{FAE04EC0-301F-11D3-BF4B-00C04F79EFBC}") = "Mapping.DotNet45", "Sources\Types\Mapping.DotNet45\Mapping.DotNet45.csproj", "{533326BC-1177-42D2-AF6A-AE6A0A1CFEA0}"
EndProject
Project("{FAE04EC0-301F-11D3-BF4B-00C04F79EFBC}") = "Mapping.NuGet", "Sources\Types\Mapping.NuGet\Mapping.NuGet.csproj", "{E69FB2B8-51CF-4C6E-AC89-23DE4FC2590D}"
EndProject
Global
	GlobalSection(SharedMSBuildProjectFiles) = preSolution
		Sources\Internal\Internal.projitems*{533326bc-1177-42d2-af6a-ae6a0a1cfea0}*SharedItemsImports = 4
		Sources\Internal\Internal.projitems*{6243bf46-3b7c-4137-ace9-79541a6ad8e9}*SharedItemsImports = 13
		Sources\Internal\Internal.projitems*{d905ecd9-8e6f-4ad6-a205-ab8d55e39958}*SharedItemsImports = 4
		Sources\Internal\Internal.projitems*{d956f880-cc06-491f-9979-4dd2aa9a15d2}*SharedItemsImports = 4
		Sources\Internal\Internal.projitems*{e5811977-a6af-4045-b2d6-b468ab5097cf}*SharedItemsImports = 4
	EndGlobalSection
	GlobalSection(SolutionConfigurationPlatforms) = preSolution
		Debug|Any CPU = Debug|Any CPU
		Publish - BETA|Any CPU = Publish - BETA|Any CPU
		Publish - LOCAL|Any CPU = Publish - LOCAL|Any CPU
		Publish - RC|Any CPU = Publish - RC|Any CPU
		Publish - STABLE|Any CPU = Publish - STABLE|Any CPU
		Release|Any CPU = Release|Any CPU
	EndGlobalSection
	GlobalSection(ProjectConfigurationPlatforms) = postSolution
		{D956F880-CC06-491F-9979-4DD2AA9A15D2}.Debug|Any CPU.ActiveCfg = Debug|Any CPU
		{D956F880-CC06-491F-9979-4DD2AA9A15D2}.Debug|Any CPU.Build.0 = Debug|Any CPU
		{D956F880-CC06-491F-9979-4DD2AA9A15D2}.Publish - BETA|Any CPU.ActiveCfg = Release|Any CPU
		{D956F880-CC06-491F-9979-4DD2AA9A15D2}.Publish - BETA|Any CPU.Build.0 = Release|Any CPU
		{D956F880-CC06-491F-9979-4DD2AA9A15D2}.Publish - LOCAL|Any CPU.ActiveCfg = Debug|Any CPU
		{D956F880-CC06-491F-9979-4DD2AA9A15D2}.Publish - LOCAL|Any CPU.Build.0 = Debug|Any CPU
		{D956F880-CC06-491F-9979-4DD2AA9A15D2}.Publish - RC|Any CPU.ActiveCfg = Release|Any CPU
		{D956F880-CC06-491F-9979-4DD2AA9A15D2}.Publish - RC|Any CPU.Build.0 = Release|Any CPU
		{D956F880-CC06-491F-9979-4DD2AA9A15D2}.Publish - STABLE|Any CPU.ActiveCfg = Release|Any CPU
		{D956F880-CC06-491F-9979-4DD2AA9A15D2}.Publish - STABLE|Any CPU.Build.0 = Release|Any CPU
		{D956F880-CC06-491F-9979-4DD2AA9A15D2}.Release|Any CPU.ActiveCfg = Release|Any CPU
		{D956F880-CC06-491F-9979-4DD2AA9A15D2}.Release|Any CPU.Build.0 = Release|Any CPU
		{D905ECD9-8E6F-4AD6-A205-AB8D55E39958}.Debug|Any CPU.ActiveCfg = Debug|Any CPU
		{D905ECD9-8E6F-4AD6-A205-AB8D55E39958}.Debug|Any CPU.Build.0 = Debug|Any CPU
		{D905ECD9-8E6F-4AD6-A205-AB8D55E39958}.Publish - BETA|Any CPU.ActiveCfg = Release|Any CPU
		{D905ECD9-8E6F-4AD6-A205-AB8D55E39958}.Publish - BETA|Any CPU.Build.0 = Release|Any CPU
		{D905ECD9-8E6F-4AD6-A205-AB8D55E39958}.Publish - LOCAL|Any CPU.ActiveCfg = Debug|Any CPU
		{D905ECD9-8E6F-4AD6-A205-AB8D55E39958}.Publish - LOCAL|Any CPU.Build.0 = Debug|Any CPU
		{D905ECD9-8E6F-4AD6-A205-AB8D55E39958}.Publish - RC|Any CPU.ActiveCfg = Release|Any CPU
		{D905ECD9-8E6F-4AD6-A205-AB8D55E39958}.Publish - RC|Any CPU.Build.0 = Release|Any CPU
		{D905ECD9-8E6F-4AD6-A205-AB8D55E39958}.Publish - STABLE|Any CPU.ActiveCfg = Release|Any CPU
		{D905ECD9-8E6F-4AD6-A205-AB8D55E39958}.Publish - STABLE|Any CPU.Build.0 = Release|Any CPU
		{D905ECD9-8E6F-4AD6-A205-AB8D55E39958}.Release|Any CPU.ActiveCfg = Release|Any CPU
		{D905ECD9-8E6F-4AD6-A205-AB8D55E39958}.Release|Any CPU.Build.0 = Release|Any CPU
		{386D8534-D63D-481C-A9DB-4C05CF5FF4C7}.Debug|Any CPU.ActiveCfg = Debug|Any CPU
		{386D8534-D63D-481C-A9DB-4C05CF5FF4C7}.Debug|Any CPU.Build.0 = Debug|Any CPU
		{386D8534-D63D-481C-A9DB-4C05CF5FF4C7}.Publish - BETA|Any CPU.ActiveCfg = Publish - BETA|Any CPU
		{386D8534-D63D-481C-A9DB-4C05CF5FF4C7}.Publish - BETA|Any CPU.Build.0 = Publish - BETA|Any CPU
		{386D8534-D63D-481C-A9DB-4C05CF5FF4C7}.Publish - LOCAL|Any CPU.ActiveCfg = Publish - LOCAL|Any CPU
		{386D8534-D63D-481C-A9DB-4C05CF5FF4C7}.Publish - LOCAL|Any CPU.Build.0 = Publish - LOCAL|Any CPU
		{386D8534-D63D-481C-A9DB-4C05CF5FF4C7}.Publish - RC|Any CPU.ActiveCfg = Publish - RC|Any CPU
		{386D8534-D63D-481C-A9DB-4C05CF5FF4C7}.Publish - RC|Any CPU.Build.0 = Publish - RC|Any CPU
		{386D8534-D63D-481C-A9DB-4C05CF5FF4C7}.Publish - STABLE|Any CPU.ActiveCfg = Publish - STABLE|Any CPU
		{386D8534-D63D-481C-A9DB-4C05CF5FF4C7}.Publish - STABLE|Any CPU.Build.0 = Publish - STABLE|Any CPU
		{386D8534-D63D-481C-A9DB-4C05CF5FF4C7}.Release|Any CPU.ActiveCfg = Release|Any CPU
		{386D8534-D63D-481C-A9DB-4C05CF5FF4C7}.Release|Any CPU.Build.0 = Release|Any CPU
		{E5811977-A6AF-4045-B2D6-B468AB5097CF}.Debug|Any CPU.ActiveCfg = Debug|Any CPU
		{E5811977-A6AF-4045-B2D6-B468AB5097CF}.Debug|Any CPU.Build.0 = Debug|Any CPU
		{E5811977-A6AF-4045-B2D6-B468AB5097CF}.Publish - BETA|Any CPU.ActiveCfg = Release|Any CPU
		{E5811977-A6AF-4045-B2D6-B468AB5097CF}.Publish - BETA|Any CPU.Build.0 = Release|Any CPU
		{E5811977-A6AF-4045-B2D6-B468AB5097CF}.Publish - LOCAL|Any CPU.ActiveCfg = Debug|Any CPU
		{E5811977-A6AF-4045-B2D6-B468AB5097CF}.Publish - LOCAL|Any CPU.Build.0 = Debug|Any CPU
		{E5811977-A6AF-4045-B2D6-B468AB5097CF}.Publish - RC|Any CPU.ActiveCfg = Release|Any CPU
		{E5811977-A6AF-4045-B2D6-B468AB5097CF}.Publish - RC|Any CPU.Build.0 = Release|Any CPU
		{E5811977-A6AF-4045-B2D6-B468AB5097CF}.Publish - STABLE|Any CPU.ActiveCfg = Release|Any CPU
		{E5811977-A6AF-4045-B2D6-B468AB5097CF}.Publish - STABLE|Any CPU.Build.0 = Release|Any CPU
		{E5811977-A6AF-4045-B2D6-B468AB5097CF}.Release|Any CPU.ActiveCfg = Release|Any CPU
		{E5811977-A6AF-4045-B2D6-B468AB5097CF}.Release|Any CPU.Build.0 = Release|Any CPU
		{E2EF06CD-2B6B-48ED-A7E1-96B753E7C023}.Debug|Any CPU.ActiveCfg = Debug|Any CPU
		{E2EF06CD-2B6B-48ED-A7E1-96B753E7C023}.Debug|Any CPU.Build.0 = Debug|Any CPU
		{E2EF06CD-2B6B-48ED-A7E1-96B753E7C023}.Publish - BETA|Any CPU.ActiveCfg = Publish - BETA|Any CPU
		{E2EF06CD-2B6B-48ED-A7E1-96B753E7C023}.Publish - BETA|Any CPU.Build.0 = Publish - BETA|Any CPU
		{E2EF06CD-2B6B-48ED-A7E1-96B753E7C023}.Publish - LOCAL|Any CPU.ActiveCfg = Publish - LOCAL|Any CPU
		{E2EF06CD-2B6B-48ED-A7E1-96B753E7C023}.Publish - LOCAL|Any CPU.Build.0 = Publish - LOCAL|Any CPU
		{E2EF06CD-2B6B-48ED-A7E1-96B753E7C023}.Publish - RC|Any CPU.ActiveCfg = Publish - RC|Any CPU
		{E2EF06CD-2B6B-48ED-A7E1-96B753E7C023}.Publish - RC|Any CPU.Build.0 = Publish - RC|Any CPU
		{E2EF06CD-2B6B-48ED-A7E1-96B753E7C023}.Publish - STABLE|Any CPU.ActiveCfg = Publish - STABLE|Any CPU
		{E2EF06CD-2B6B-48ED-A7E1-96B753E7C023}.Publish - STABLE|Any CPU.Build.0 = Publish - STABLE|Any CPU
		{E2EF06CD-2B6B-48ED-A7E1-96B753E7C023}.Release|Any CPU.ActiveCfg = Release|Any CPU
		{E2EF06CD-2B6B-48ED-A7E1-96B753E7C023}.Release|Any CPU.Build.0 = Release|Any CPU
		{DEBDCD43-6A60-4909-851B-6B5D6C2D3D1C}.Debug|Any CPU.ActiveCfg = Debug|Any CPU
		{DEBDCD43-6A60-4909-851B-6B5D6C2D3D1C}.Debug|Any CPU.Build.0 = Debug|Any CPU
		{DEBDCD43-6A60-4909-851B-6B5D6C2D3D1C}.Publish - BETA|Any CPU.ActiveCfg = Publish - BETA|Any CPU
		{DEBDCD43-6A60-4909-851B-6B5D6C2D3D1C}.Publish - BETA|Any CPU.Build.0 = Publish - BETA|Any CPU
		{DEBDCD43-6A60-4909-851B-6B5D6C2D3D1C}.Publish - LOCAL|Any CPU.ActiveCfg = Publish - LOCAL|Any CPU
		{DEBDCD43-6A60-4909-851B-6B5D6C2D3D1C}.Publish - LOCAL|Any CPU.Build.0 = Publish - LOCAL|Any CPU
		{DEBDCD43-6A60-4909-851B-6B5D6C2D3D1C}.Publish - RC|Any CPU.ActiveCfg = Publish - RC|Any CPU
		{DEBDCD43-6A60-4909-851B-6B5D6C2D3D1C}.Publish - RC|Any CPU.Build.0 = Publish - RC|Any CPU
		{DEBDCD43-6A60-4909-851B-6B5D6C2D3D1C}.Publish - STABLE|Any CPU.ActiveCfg = Publish - STABLE|Any CPU
		{DEBDCD43-6A60-4909-851B-6B5D6C2D3D1C}.Publish - STABLE|Any CPU.Build.0 = Publish - STABLE|Any CPU
		{DEBDCD43-6A60-4909-851B-6B5D6C2D3D1C}.Release|Any CPU.ActiveCfg = Release|Any CPU
		{DEBDCD43-6A60-4909-851B-6B5D6C2D3D1C}.Release|Any CPU.Build.0 = Release|Any CPU
		{533326BC-1177-42D2-AF6A-AE6A0A1CFEA0}.Debug|Any CPU.ActiveCfg = Debug|Any CPU
		{533326BC-1177-42D2-AF6A-AE6A0A1CFEA0}.Debug|Any CPU.Build.0 = Debug|Any CPU
		{533326BC-1177-42D2-AF6A-AE6A0A1CFEA0}.Publish - BETA|Any CPU.ActiveCfg = Release|Any CPU
		{533326BC-1177-42D2-AF6A-AE6A0A1CFEA0}.Publish - BETA|Any CPU.Build.0 = Release|Any CPU
		{533326BC-1177-42D2-AF6A-AE6A0A1CFEA0}.Publish - LOCAL|Any CPU.ActiveCfg = Release|Any CPU
		{533326BC-1177-42D2-AF6A-AE6A0A1CFEA0}.Publish - LOCAL|Any CPU.Build.0 = Release|Any CPU
		{533326BC-1177-42D2-AF6A-AE6A0A1CFEA0}.Publish - RC|Any CPU.ActiveCfg = Release|Any CPU
		{533326BC-1177-42D2-AF6A-AE6A0A1CFEA0}.Publish - RC|Any CPU.Build.0 = Release|Any CPU
		{533326BC-1177-42D2-AF6A-AE6A0A1CFEA0}.Publish - STABLE|Any CPU.ActiveCfg = Release|Any CPU
		{533326BC-1177-42D2-AF6A-AE6A0A1CFEA0}.Publish - STABLE|Any CPU.Build.0 = Release|Any CPU
		{533326BC-1177-42D2-AF6A-AE6A0A1CFEA0}.Release|Any CPU.ActiveCfg = Release|Any CPU
		{533326BC-1177-42D2-AF6A-AE6A0A1CFEA0}.Release|Any CPU.Build.0 = Release|Any CPU
		{E69FB2B8-51CF-4C6E-AC89-23DE4FC2590D}.Debug|Any CPU.ActiveCfg = Debug|Any CPU
		{E69FB2B8-51CF-4C6E-AC89-23DE4FC2590D}.Debug|Any CPU.Build.0 = Debug|Any CPU
		{E69FB2B8-51CF-4C6E-AC89-23DE4FC2590D}.Publish - BETA|Any CPU.ActiveCfg = Publish - BETA|Any CPU
		{E69FB2B8-51CF-4C6E-AC89-23DE4FC2590D}.Publish - BETA|Any CPU.Build.0 = Publish - BETA|Any CPU
		{E69FB2B8-51CF-4C6E-AC89-23DE4FC2590D}.Publish - LOCAL|Any CPU.ActiveCfg = Publish - LOCAL|Any CPU
		{E69FB2B8-51CF-4C6E-AC89-23DE4FC2590D}.Publish - LOCAL|Any CPU.Build.0 = Publish - LOCAL|Any CPU
		{E69FB2B8-51CF-4C6E-AC89-23DE4FC2590D}.Publish - RC|Any CPU.ActiveCfg = Publish - RC|Any CPU
		{E69FB2B8-51CF-4C6E-AC89-23DE4FC2590D}.Publish - RC|Any CPU.Build.0 = Publish - RC|Any CPU
		{E69FB2B8-51CF-4C6E-AC89-23DE4FC2590D}.Publish - STABLE|Any CPU.ActiveCfg = Publish - STABLE|Any CPU
		{E69FB2B8-51CF-4C6E-AC89-23DE4FC2590D}.Publish - STABLE|Any CPU.Build.0 = Publish - STABLE|Any CPU
		{E69FB2B8-51CF-4C6E-AC89-23DE4FC2590D}.Release|Any CPU.ActiveCfg = Release|Any CPU
		{E69FB2B8-51CF-4C6E-AC89-23DE4FC2590D}.Release|Any CPU.Build.0 = Release|Any CPU
	EndGlobalSection
	GlobalSection(SolutionProperties) = preSolution
		HideSolutionNode = FALSE
	EndGlobalSection
	GlobalSection(NestedProjects) = preSolution
		{6243BF46-3B7C-4137-ACE9-79541A6AD8E9} = {7077A8A4-338F-4AE7-891D-BA9E9BFDA587}
		{AF34D822-AF0F-4548-AD37-950D93FAC268} = {7077A8A4-338F-4AE7-891D-BA9E9BFDA587}
		{D956F880-CC06-491F-9979-4DD2AA9A15D2} = {AF34D822-AF0F-4548-AD37-950D93FAC268}
		{D905ECD9-8E6F-4AD6-A205-AB8D55E39958} = {AF34D822-AF0F-4548-AD37-950D93FAC268}
		{386D8534-D63D-481C-A9DB-4C05CF5FF4C7} = {AF34D822-AF0F-4548-AD37-950D93FAC268}
		{E5811977-A6AF-4045-B2D6-B468AB5097CF} = {AF34D822-AF0F-4548-AD37-950D93FAC268}
		{E2EF06CD-2B6B-48ED-A7E1-96B753E7C023} = {AF34D822-AF0F-4548-AD37-950D93FAC268}
		{DEBDCD43-6A60-4909-851B-6B5D6C2D3D1C} = {AF34D822-AF0F-4548-AD37-950D93FAC268}
		{533326BC-1177-42D2-AF6A-AE6A0A1CFEA0} = {AF34D822-AF0F-4548-AD37-950D93FAC268}
		{E69FB2B8-51CF-4C6E-AC89-23DE4FC2590D} = {AF34D822-AF0F-4548-AD37-950D93FAC268}
	EndGlobalSection
EndGlobal
